// !$*UTF8*$!
{
	archiveVersion = 1;
	classes = {
	};
	objectVersion = 50;
	objects = {

/* Begin PBXBuildFile section */
		86567357238D2E1B00BC38D8 /* AppDelegate.swift in Sources */ = {isa = PBXBuildFile; fileRef = 86567356238D2E1B00BC38D8 /* AppDelegate.swift */; };
		8656735C238D2E1B00BC38D8 /* Main.storyboard in Resources */ = {isa = PBXBuildFile; fileRef = 8656735A238D2E1B00BC38D8 /* Main.storyboard */; };
		8656735E238D2E1B00BC38D8 /* Assets.xcassets in Resources */ = {isa = PBXBuildFile; fileRef = 8656735D238D2E1B00BC38D8 /* Assets.xcassets */; };
		86567361238D2E1B00BC38D8 /* LaunchScreen.storyboard in Resources */ = {isa = PBXBuildFile; fileRef = 8656735F238D2E1B00BC38D8 /* LaunchScreen.storyboard */; };
		8656736C238D2E1C00BC38D8 /* DoctoAppTests.swift in Sources */ = {isa = PBXBuildFile; fileRef = 8656736B238D2E1C00BC38D8 /* DoctoAppTests.swift */; };
		86567377238D2E1C00BC38D8 /* DoctoAppUITests.swift in Sources */ = {isa = PBXBuildFile; fileRef = 86567376238D2E1C00BC38D8 /* DoctoAppUITests.swift */; };
		869CC039238D884600EA27C8 /* roboto_regular.ttf in Resources */ = {isa = PBXBuildFile; fileRef = 869CC036238D884600EA27C8 /* roboto_regular.ttf */; };
		869CC03A238D884600EA27C8 /* roboto_medium.ttf in Resources */ = {isa = PBXBuildFile; fileRef = 869CC037238D884600EA27C8 /* roboto_medium.ttf */; };
		869CC03B238D884600EA27C8 /* roboto_bold.ttf in Resources */ = {isa = PBXBuildFile; fileRef = 869CC038238D884600EA27C8 /* roboto_bold.ttf */; };
		869CC03D238D887F00EA27C8 /* boogaloo.ttf in Resources */ = {isa = PBXBuildFile; fileRef = 869CC03C238D887E00EA27C8 /* boogaloo.ttf */; };
		86DC1A8D23A3CA3500E6DFC6 /* SQLite.framework in Frameworks */ = {isa = PBXBuildFile; fileRef = 86DC1A7F23A3CA2A00E6DFC6 /* SQLite.framework */; };
		86DC1A8E23A3CA3C00E6DFC6 /* SQLite.framework in Frameworks */ = {isa = PBXBuildFile; fileRef = 86DC1A7F23A3CA2A00E6DFC6 /* SQLite.framework */; };
		86DC1A8F23A3CA3C00E6DFC6 /* SQLite.framework in Embed Frameworks */ = {isa = PBXBuildFile; fileRef = 86DC1A7F23A3CA2A00E6DFC6 /* SQLite.framework */; settings = {ATTRIBUTES = (CodeSignOnCopy, RemoveHeadersOnCopy, ); }; };
		AAD4BA2323B27BD000CCF457 /* FeedbackMessage.xib in Resources */ = {isa = PBXBuildFile; fileRef = AAD4B9CE23B27BCF00CCF457 /* FeedbackMessage.xib */; };
		AAD4BA2423B27BD000CCF457 /* AvailabilitiesForDayItemCell.xib in Resources */ = {isa = PBXBuildFile; fileRef = AAD4B9CF23B27BCF00CCF457 /* AvailabilitiesForDayItemCell.xib */; };
		AAD4BA2523B27BD000CCF457 /* HeaderSubtitle.xib in Resources */ = {isa = PBXBuildFile; fileRef = AAD4B9D023B27BCF00CCF457 /* HeaderSubtitle.xib */; };
		AAD4BA2623B27BD000CCF457 /* BookingPreviewItemCell.xib in Resources */ = {isa = PBXBuildFile; fileRef = AAD4B9D123B27BCF00CCF457 /* BookingPreviewItemCell.xib */; };
		AAD4BA2723B27BD000CCF457 /* DoctorPreviewItemCell.xib in Resources */ = {isa = PBXBuildFile; fileRef = AAD4B9D223B27BCF00CCF457 /* DoctorPreviewItemCell.xib */; };
		AAD4BA2823B27BD000CCF457 /* BookingOneLineElementItemCell.xib in Resources */ = {isa = PBXBuildFile; fileRef = AAD4B9D323B27BCF00CCF457 /* BookingOneLineElementItemCell.xib */; };
		AAD4BA2923B27BD000CCF457 /* BookingPreviewHeaderItemCell.xib in Resources */ = {isa = PBXBuildFile; fileRef = AAD4B9D423B27BCF00CCF457 /* BookingPreviewHeaderItemCell.xib */; };
		AAD4BA2A23B27BD000CCF457 /* DoctorMainDataItemCell.xib in Resources */ = {isa = PBXBuildFile; fileRef = AAD4B9D523B27BCF00CCF457 /* DoctorMainDataItemCell.xib */; };
		AAD4BA2B23B27BD000CCF457 /* HeaderDashboard.xib in Resources */ = {isa = PBXBuildFile; fileRef = AAD4B9D623B27BCF00CCF457 /* HeaderDashboard.xib */; };
		AAD4BA2C23B27BD000CCF457 /* BookingTwoLinesElementItemCell.xib in Resources */ = {isa = PBXBuildFile; fileRef = AAD4B9D723B27BCF00CCF457 /* BookingTwoLinesElementItemCell.xib */; };
		AAD4BA2D23B27BD000CCF457 /* DoctorSecondaryDataItemCell.xib in Resources */ = {isa = PBXBuildFile; fileRef = AAD4B9D823B27BCF00CCF457 /* DoctorSecondaryDataItemCell.xib */; };
		AAD4BA2E23B27BD000CCF457 /* HeaderDashboardSubtitle.xib in Resources */ = {isa = PBXBuildFile; fileRef = AAD4B9D923B27BCF00CCF457 /* HeaderDashboardSubtitle.xib */; };
		AAD4BA2F23B27BD000CCF457 /* BookingActionsItemCell.xib in Resources */ = {isa = PBXBuildFile; fileRef = AAD4B9DA23B27BCF00CCF457 /* BookingActionsItemCell.xib */; };
		AAD4BA3023B27BD000CCF457 /* Header.xib in Resources */ = {isa = PBXBuildFile; fileRef = AAD4B9DB23B27BCF00CCF457 /* Header.xib */; };
		AAD4BA3123B27BD000CCF457 /* BookingDetailsView.xib in Resources */ = {isa = PBXBuildFile; fileRef = AAD4B9DC23B27BCF00CCF457 /* BookingDetailsView.xib */; };
		AAD4BA3223B27BD000CCF457 /* AvailabilityItemCell.xib in Resources */ = {isa = PBXBuildFile; fileRef = AAD4B9DD23B27BCF00CCF457 /* AvailabilityItemCell.xib */; };
		AAD4BA3323B27BD000CCF457 /* HeaderSubtitleView.swift in Sources */ = {isa = PBXBuildFile; fileRef = AAD4B9DE23B27BCF00CCF457 /* HeaderSubtitleView.swift */; };
		AAD4BA3423B27BD000CCF457 /* SignUpProTwoColumnsElementItemCell.swift in Sources */ = {isa = PBXBuildFile; fileRef = AAD4B9E023B27BCF00CCF457 /* SignUpProTwoColumnsElementItemCell.swift */; };
		AAD4BA3523B27BD000CCF457 /* SignUpProOneColumnElementItemCell.swift in Sources */ = {isa = PBXBuildFile; fileRef = AAD4B9E123B27BCF00CCF457 /* SignUpProOneColumnElementItemCell.swift */; };
		AAD4BA3623B27BD000CCF457 /* ReasonItemCell.swift in Sources */ = {isa = PBXBuildFile; fileRef = AAD4B9E223B27BCF00CCF457 /* ReasonItemCell.swift */; };
		AAD4BA3823B27BD000CCF457 /* BookingActionsItemCell.swift in Sources */ = {isa = PBXBuildFile; fileRef = AAD4B9E423B27BCF00CCF457 /* BookingActionsItemCell.swift */; };
		AAD4BA3923B27BD000CCF457 /* AvailabilitiesForDayItemCell.swift in Sources */ = {isa = PBXBuildFile; fileRef = AAD4B9E523B27BCF00CCF457 /* AvailabilitiesForDayItemCell.swift */; };
		AAD4BA3A23B27BD000CCF457 /* DoctorSecondaryDataItemCell.swift in Sources */ = {isa = PBXBuildFile; fileRef = AAD4B9E623B27BCF00CCF457 /* DoctorSecondaryDataItemCell.swift */; };
		AAD4BA3B23B27BD000CCF457 /* BookingPreviewHeaderItemCell.swift in Sources */ = {isa = PBXBuildFile; fileRef = AAD4B9E723B27BCF00CCF457 /* BookingPreviewHeaderItemCell.swift */; };
		AAD4BA3C23B27BD000CCF457 /* DoctorPreviewItemCell.swift in Sources */ = {isa = PBXBuildFile; fileRef = AAD4B9E823B27BCF00CCF457 /* DoctorPreviewItemCell.swift */; };
		AAD4BA3D23B27BD000CCF457 /* AvailabilityItemCell.swift in Sources */ = {isa = PBXBuildFile; fileRef = AAD4B9E923B27BCF00CCF457 /* AvailabilityItemCell.swift */; };
		AAD4BA3E23B27BD000CCF457 /* BookingOneLineElementItemCell.swift in Sources */ = {isa = PBXBuildFile; fileRef = AAD4B9EA23B27BCF00CCF457 /* BookingOneLineElementItemCell.swift */; };
		AAD4BA3F23B27BD000CCF457 /* BookingPreviewItemCell.swift in Sources */ = {isa = PBXBuildFile; fileRef = AAD4B9EB23B27BCF00CCF457 /* BookingPreviewItemCell.swift */; };
		AAD4BA4023B27BD000CCF457 /* BookingTwoLinesElementItemCell.swift in Sources */ = {isa = PBXBuildFile; fileRef = AAD4B9EC23B27BCF00CCF457 /* BookingTwoLinesElementItemCell.swift */; };
		AAD4BA4123B27BD000CCF457 /* DoctorMainDataItemCell.swift in Sources */ = {isa = PBXBuildFile; fileRef = AAD4B9ED23B27BCF00CCF457 /* DoctorMainDataItemCell.swift */; };
		AAD4BA4223B27BD000CCF457 /* FeedbackMessageView.swift in Sources */ = {isa = PBXBuildFile; fileRef = AAD4B9EE23B27BCF00CCF457 /* FeedbackMessageView.swift */; };
		AAD4BA4323B27BD000CCF457 /* HeaderView.swift in Sources */ = {isa = PBXBuildFile; fileRef = AAD4B9EF23B27BCF00CCF457 /* HeaderView.swift */; };
		AAD4BA4423B27BD000CCF457 /* HeaderDashboardView.swift in Sources */ = {isa = PBXBuildFile; fileRef = AAD4B9F023B27BCF00CCF457 /* HeaderDashboardView.swift */; };
		AAD4BA4523B27BD000CCF457 /* BookingDetailsView.swift in Sources */ = {isa = PBXBuildFile; fileRef = AAD4B9F123B27BCF00CCF457 /* BookingDetailsView.swift */; };
		AAD4BA4623B27BD000CCF457 /* HeaderDashboardSubtitleView.swift in Sources */ = {isa = PBXBuildFile; fileRef = AAD4B9F223B27BCF00CCF457 /* HeaderDashboardSubtitleView.swift */; };
		AAD4BA4723B27BD000CCF457 /* Experience.swift in Sources */ = {isa = PBXBuildFile; fileRef = AAD4B9F423B27BCF00CCF457 /* Experience.swift */; };
		AAD4BA4823B27BD000CCF457 /* Language.swift in Sources */ = {isa = PBXBuildFile; fileRef = AAD4B9F523B27BCF00CCF457 /* Language.swift */; };
		AAD4BA4923B27BD000CCF457 /* Address.swift in Sources */ = {isa = PBXBuildFile; fileRef = AAD4B9F623B27BCF00CCF457 /* Address.swift */; };
		AAD4BA4A23B27BD000CCF457 /* PaymentOption.swift in Sources */ = {isa = PBXBuildFile; fileRef = AAD4B9F723B27BCF00CCF457 /* PaymentOption.swift */; };
		AAD4BA4B23B27BD000CCF457 /* Booking.swift in Sources */ = {isa = PBXBuildFile; fileRef = AAD4B9F823B27BCF00CCF457 /* Booking.swift */; };
		AAD4BA4C23B27BD000CCF457 /* Reason.swift in Sources */ = {isa = PBXBuildFile; fileRef = AAD4B9F923B27BCF00CCF457 /* Reason.swift */; };
		AAD4BA4D23B27BD000CCF457 /* Doctor.swift in Sources */ = {isa = PBXBuildFile; fileRef = AAD4B9FA23B27BCF00CCF457 /* Doctor.swift */; };
		AAD4BA4E23B27BD000CCF457 /* Patient.swift in Sources */ = {isa = PBXBuildFile; fileRef = AAD4B9FB23B27BCF00CCF457 /* Patient.swift */; };
		AAD4BA4F23B27BD000CCF457 /* Availability.swift in Sources */ = {isa = PBXBuildFile; fileRef = AAD4B9FC23B27BCF00CCF457 /* Availability.swift */; };
		AAD4BA5023B27BD000CCF457 /* Resident.swift in Sources */ = {isa = PBXBuildFile; fileRef = AAD4B9FD23B27BCF00CCF457 /* Resident.swift */; };
		AAD4BA5123B27BD000CCF457 /* Education.swift in Sources */ = {isa = PBXBuildFile; fileRef = AAD4B9FE23B27BCF00CCF457 /* Education.swift */; };
		AAD4BA5223B27BD000CCF457 /* ConfirmBookingVC.swift in Sources */ = {isa = PBXBuildFile; fileRef = AAD4BA0023B27BCF00CCF457 /* ConfirmBookingVC.swift */; };
		AAD4BA5323B27BD000CCF457 /* DoctorProfileVC.swift in Sources */ = {isa = PBXBuildFile; fileRef = AAD4BA0123B27BCF00CCF457 /* DoctorProfileVC.swift */; };
		AAD4BA5423B27BD000CCF457 /* PopUpVC.swift in Sources */ = {isa = PBXBuildFile; fileRef = AAD4BA0223B27BCF00CCF457 /* PopUpVC.swift */; };
		AAD4BA5523B27BD000CCF457 /* LoginVC.swift in Sources */ = {isa = PBXBuildFile; fileRef = AAD4BA0323B27BCF00CCF457 /* LoginVC.swift */; };
		AAD4BA5623B27BD000CCF457 /* ForgotPasswordVC.swift in Sources */ = {isa = PBXBuildFile; fileRef = AAD4BA0423B27BCF00CCF457 /* ForgotPasswordVC.swift */; };
		AAD4BA5723B27BD000CCF457 /* MyBookingDetailsVC.swift in Sources */ = {isa = PBXBuildFile; fileRef = AAD4BA0523B27BCF00CCF457 /* MyBookingDetailsVC.swift */; };
		AAD4BA5823B27BD000CCF457 /* SignUpProVC.swift in Sources */ = {isa = PBXBuildFile; fileRef = AAD4BA0623B27BCF00CCF457 /* SignUpProVC.swift */; };
		AAD4BA5923B27BD000CCF457 /* SignUpVC.swift in Sources */ = {isa = PBXBuildFile; fileRef = AAD4BA0723B27BCF00CCF457 /* SignUpVC.swift */; };
		AAD4BA5A23B27BD000CCF457 /* SearchVC.swift in Sources */ = {isa = PBXBuildFile; fileRef = AAD4BA0823B27BCF00CCF457 /* SearchVC.swift */; };
		AAD4BA5B23B27BD000CCF457 /* ChooseAvailabilityVC.swift in Sources */ = {isa = PBXBuildFile; fileRef = AAD4BA0923B27BCF00CCF457 /* ChooseAvailabilityVC.swift */; };
		AAD4BA5C23B27BD000CCF457 /* HomeVC.swift in Sources */ = {isa = PBXBuildFile; fileRef = AAD4BA0A23B27BCF00CCF457 /* HomeVC.swift */; };
		AAD4BA5D23B27BD000CCF457 /* MyBookingsVC.swift in Sources */ = {isa = PBXBuildFile; fileRef = AAD4BA0B23B27BCF00CCF457 /* MyBookingsVC.swift */; };
		AAD4BA5E23B27BD000CCF457 /* ChooseReasonVC.swift in Sources */ = {isa = PBXBuildFile; fileRef = AAD4BA0C23B27BCF00CCF457 /* ChooseReasonVC.swift */; };
		AAD4BA5F23B27BD000CCF457 /* Strings.swift in Sources */ = {isa = PBXBuildFile; fileRef = AAD4BA0E23B27BD000CCF457 /* Strings.swift */; };
		AAD4BA6023B27BD000CCF457 /* Colors.swift in Sources */ = {isa = PBXBuildFile; fileRef = AAD4BA0F23B27BD000CCF457 /* Colors.swift */; };
		AAD4BA6123B27BD000CCF457 /* AddressDatabaseHelper.swift in Sources */ = {isa = PBXBuildFile; fileRef = AAD4BA1123B27BD000CCF457 /* AddressDatabaseHelper.swift */; };
		AAD4BA6223B27BD000CCF457 /* ExperienceDatabaseHelper.swift in Sources */ = {isa = PBXBuildFile; fileRef = AAD4BA1223B27BD000CCF457 /* ExperienceDatabaseHelper.swift */; };
		AAD4BA6323B27BD000CCF457 /* EducationDatabaseHelper.swift in Sources */ = {isa = PBXBuildFile; fileRef = AAD4BA1323B27BD000CCF457 /* EducationDatabaseHelper.swift */; };
		AAD4BA6423B27BD000CCF457 /* LanguageDatabaseHelper.swift in Sources */ = {isa = PBXBuildFile; fileRef = AAD4BA1423B27BD000CCF457 /* LanguageDatabaseHelper.swift */; };
		AAD4BA6523B27BD000CCF457 /* BookingDatabaseHelper.swift in Sources */ = {isa = PBXBuildFile; fileRef = AAD4BA1523B27BD000CCF457 /* BookingDatabaseHelper.swift */; };
		AAD4BA6623B27BD000CCF457 /* AvailabilityDatabaseHelper.swift in Sources */ = {isa = PBXBuildFile; fileRef = AAD4BA1623B27BD000CCF457 /* AvailabilityDatabaseHelper.swift */; };
		AAD4BA6723B27BD000CCF457 /* DoctorDatabaseHelper.swift in Sources */ = {isa = PBXBuildFile; fileRef = AAD4BA1723B27BD000CCF457 /* DoctorDatabaseHelper.swift */; };
		AAD4BA6823B27BD000CCF457 /* DoctoAppDatabaseHelper.swift in Sources */ = {isa = PBXBuildFile; fileRef = AAD4BA1823B27BD000CCF457 /* DoctoAppDatabaseHelper.swift */; };
		AAD4BA6923B27BD000CCF457 /* PatientDatabaseHelper.swift in Sources */ = {isa = PBXBuildFile; fileRef = AAD4BA1923B27BD000CCF457 /* PatientDatabaseHelper.swift */; };
		AAD4BA6A23B27BD000CCF457 /* ReasonDatabaseHelper.swift in Sources */ = {isa = PBXBuildFile; fileRef = AAD4BA1A23B27BD000CCF457 /* ReasonDatabaseHelper.swift */; };
		AAD4BA6B23B27BD000CCF457 /* PaymentOptionDatabaseHelper.swift in Sources */ = {isa = PBXBuildFile; fileRef = AAD4BA1B23B27BD000CCF457 /* PaymentOptionDatabaseHelper.swift */; };
		AAD4BA6C23B27BD000CCF457 /* ErrorCode.swift in Sources */ = {isa = PBXBuildFile; fileRef = AAD4BA1D23B27BD000CCF457 /* ErrorCode.swift */; };
		AAD4BA6D23B27BD000CCF457 /* ImageService.swift in Sources */ = {isa = PBXBuildFile; fileRef = AAD4BA1F23B27BD000CCF457 /* ImageService.swift */; };
		AAD4BA6E23B27BD000CCF457 /* StringFormatterService.swift in Sources */ = {isa = PBXBuildFile; fileRef = AAD4BA2023B27BD000CCF457 /* StringFormatterService.swift */; };
		AAD4BA6F23B27BD000CCF457 /* DateTimeService.swift in Sources */ = {isa = PBXBuildFile; fileRef = AAD4BA2123B27BD000CCF457 /* DateTimeService.swift */; };
		AAD4BA7023B27BD000CCF457 /* EncryptionService.swift in Sources */ = {isa = PBXBuildFile; fileRef = AAD4BA2223B27BD000CCF457 /* EncryptionService.swift */; };
		AAD4BA7423B30D8200CCF457 /* PopUpBookingCancellationVC.swift in Sources */ = {isa = PBXBuildFile; fileRef = AAD4BA7323B30D8200CCF457 /* PopUpBookingCancellationVC.swift */; };
		AAD4BA9423B3184000CCF457 /* CryptoSwift.framework in Frameworks */ = {isa = PBXBuildFile; fileRef = AAD4BA8523B3182D00CCF457 /* CryptoSwift.framework */; };
		AAD4BA9523B3184000CCF457 /* CryptoSwift.framework in Embed Frameworks */ = {isa = PBXBuildFile; fileRef = AAD4BA8523B3182D00CCF457 /* CryptoSwift.framework */; settings = {ATTRIBUTES = (CodeSignOnCopy, RemoveHeadersOnCopy, ); }; };
/* End PBXBuildFile section */

/* Begin PBXContainerItemProxy section */
		86567368238D2E1C00BC38D8 /* PBXContainerItemProxy */ = {
			isa = PBXContainerItemProxy;
			containerPortal = 8656734B238D2E1A00BC38D8 /* Project object */;
			proxyType = 1;
			remoteGlobalIDString = 86567352238D2E1B00BC38D8;
			remoteInfo = DoctoApp;
		};
		86567373238D2E1C00BC38D8 /* PBXContainerItemProxy */ = {
			isa = PBXContainerItemProxy;
			containerPortal = 8656734B238D2E1A00BC38D8 /* Project object */;
			proxyType = 1;
			remoteGlobalIDString = 86567352238D2E1B00BC38D8;
			remoteInfo = DoctoApp;
		};
		86DC1A7E23A3CA2A00E6DFC6 /* PBXContainerItemProxy */ = {
			isa = PBXContainerItemProxy;
			containerPortal = 86DC1A7423A3CA2A00E6DFC6 /* SQLite.xcodeproj */;
			proxyType = 2;
			remoteGlobalIDString = EE247AD31C3F04ED00AE3E12;
			remoteInfo = "SQLite iOS";
		};
		86DC1A8023A3CA2A00E6DFC6 /* PBXContainerItemProxy */ = {
			isa = PBXContainerItemProxy;
			containerPortal = 86DC1A7423A3CA2A00E6DFC6 /* SQLite.xcodeproj */;
			proxyType = 2;
			remoteGlobalIDString = EE247ADD1C3F04ED00AE3E12;
			remoteInfo = "SQLiteTests iOS";
		};
		86DC1A8223A3CA2A00E6DFC6 /* PBXContainerItemProxy */ = {
			isa = PBXContainerItemProxy;
			containerPortal = 86DC1A7423A3CA2A00E6DFC6 /* SQLite.xcodeproj */;
			proxyType = 2;
			remoteGlobalIDString = EE247B3C1C3F3ED000AE3E12;
			remoteInfo = "SQLite Mac";
		};
		86DC1A8423A3CA2A00E6DFC6 /* PBXContainerItemProxy */ = {
			isa = PBXContainerItemProxy;
			containerPortal = 86DC1A7423A3CA2A00E6DFC6 /* SQLite.xcodeproj */;
			proxyType = 2;
			remoteGlobalIDString = EE247B451C3F3ED000AE3E12;
			remoteInfo = "SQLiteTests Mac";
		};
		86DC1A8623A3CA2A00E6DFC6 /* PBXContainerItemProxy */ = {
			isa = PBXContainerItemProxy;
			containerPortal = 86DC1A7423A3CA2A00E6DFC6 /* SQLite.xcodeproj */;
			proxyType = 2;
			remoteGlobalIDString = 03A65E5A1C6BB0F50062603F;
			remoteInfo = "SQLite tvOS";
		};
		86DC1A8823A3CA2A00E6DFC6 /* PBXContainerItemProxy */ = {
			isa = PBXContainerItemProxy;
			containerPortal = 86DC1A7423A3CA2A00E6DFC6 /* SQLite.xcodeproj */;
			proxyType = 2;
			remoteGlobalIDString = 03A65E631C6BB0F60062603F;
			remoteInfo = "SQLiteTests tvOS";
		};
		86DC1A8A23A3CA2A00E6DFC6 /* PBXContainerItemProxy */ = {
			isa = PBXContainerItemProxy;
			containerPortal = 86DC1A7423A3CA2A00E6DFC6 /* SQLite.xcodeproj */;
			proxyType = 2;
			remoteGlobalIDString = A121AC451CA35C79005A31D1;
			remoteInfo = "SQLite watchOS";
		};
		86DC1A9023A3CA3C00E6DFC6 /* PBXContainerItemProxy */ = {
			isa = PBXContainerItemProxy;
			containerPortal = 86DC1A7423A3CA2A00E6DFC6 /* SQLite.xcodeproj */;
			proxyType = 1;
			remoteGlobalIDString = EE247AD21C3F04ED00AE3E12;
			remoteInfo = "SQLite iOS";
		};
		AAD4BA8423B3182D00CCF457 /* PBXContainerItemProxy */ = {
			isa = PBXContainerItemProxy;
			containerPortal = AAD4BA7C23B3182D00CCF457 /* CryptoSwift.xcodeproj */;
			proxyType = 2;
			remoteGlobalIDString = 754BE45519693E190098E6F3;
			remoteInfo = CryptoSwift;
		};
		AAD4BA8623B3182D00CCF457 /* PBXContainerItemProxy */ = {
			isa = PBXContainerItemProxy;
			containerPortal = AAD4BA7C23B3182D00CCF457 /* CryptoSwift.xcodeproj */;
			proxyType = 2;
			remoteGlobalIDString = 75211F92207249D8004E41F8;
			remoteInfo = "CryptoSwift-TestHostApp";
		};
		AAD4BA8823B3182D00CCF457 /* PBXContainerItemProxy */ = {
			isa = PBXContainerItemProxy;
			containerPortal = AAD4BA7C23B3182D00CCF457 /* CryptoSwift.xcodeproj */;
			proxyType = 2;
			remoteGlobalIDString = 754BE46019693E190098E6F3;
			remoteInfo = CryptoSwiftTests;
		};
		AAD4BA8A23B3182D00CCF457 /* PBXContainerItemProxy */ = {
			isa = PBXContainerItemProxy;
			containerPortal = AAD4BA7C23B3182D00CCF457 /* CryptoSwift.xcodeproj */;
			proxyType = 2;
			remoteGlobalIDString = 7595C14A2072E48C00EA1A5F;
			remoteInfo = "TestsPerformance-Mac";
		};
		AAD4BA8C23B3182D00CCF457 /* PBXContainerItemProxy */ = {
			isa = PBXContainerItemProxy;
			containerPortal = AAD4BA7C23B3182D00CCF457 /* CryptoSwift.xcodeproj */;
			proxyType = 2;
			remoteGlobalIDString = 7564F0602072EAEB00CA5A96;
			remoteInfo = "TestsPerformance-iOS";
		};
/* End PBXContainerItemProxy section */

/* Begin PBXCopyFilesBuildPhase section */
		86DC1A9223A3CA3C00E6DFC6 /* Embed Frameworks */ = {
			isa = PBXCopyFilesBuildPhase;
			buildActionMask = 2147483647;
			dstPath = "";
			dstSubfolderSpec = 10;
			files = (
				86DC1A8F23A3CA3C00E6DFC6 /* SQLite.framework in Embed Frameworks */,
				AAD4BA9523B3184000CCF457 /* CryptoSwift.framework in Embed Frameworks */,
			);
			name = "Embed Frameworks";
			runOnlyForDeploymentPostprocessing = 0;
		};
/* End PBXCopyFilesBuildPhase section */

/* Begin PBXFileReference section */
		86567353238D2E1B00BC38D8 /* DoctoApp.app */ = {isa = PBXFileReference; explicitFileType = wrapper.application; includeInIndex = 0; path = DoctoApp.app; sourceTree = BUILT_PRODUCTS_DIR; };
		86567356238D2E1B00BC38D8 /* AppDelegate.swift */ = {isa = PBXFileReference; lastKnownFileType = sourcecode.swift; path = AppDelegate.swift; sourceTree = "<group>"; };
		8656735B238D2E1B00BC38D8 /* Base */ = {isa = PBXFileReference; lastKnownFileType = file.storyboard; name = Base; path = Base.lproj/Main.storyboard; sourceTree = "<group>"; };
		8656735D238D2E1B00BC38D8 /* Assets.xcassets */ = {isa = PBXFileReference; lastKnownFileType = folder.assetcatalog; path = Assets.xcassets; sourceTree = "<group>"; };
		86567360238D2E1B00BC38D8 /* Base */ = {isa = PBXFileReference; lastKnownFileType = file.storyboard; name = Base; path = Base.lproj/LaunchScreen.storyboard; sourceTree = "<group>"; };
		86567362238D2E1B00BC38D8 /* Info.plist */ = {isa = PBXFileReference; lastKnownFileType = text.plist.xml; path = Info.plist; sourceTree = "<group>"; };
		86567367238D2E1C00BC38D8 /* DoctoAppTests.xctest */ = {isa = PBXFileReference; explicitFileType = wrapper.cfbundle; includeInIndex = 0; path = DoctoAppTests.xctest; sourceTree = BUILT_PRODUCTS_DIR; };
		8656736B238D2E1C00BC38D8 /* DoctoAppTests.swift */ = {isa = PBXFileReference; lastKnownFileType = sourcecode.swift; path = DoctoAppTests.swift; sourceTree = "<group>"; };
		8656736D238D2E1C00BC38D8 /* Info.plist */ = {isa = PBXFileReference; lastKnownFileType = text.plist.xml; path = Info.plist; sourceTree = "<group>"; };
		86567372238D2E1C00BC38D8 /* DoctoAppUITests.xctest */ = {isa = PBXFileReference; explicitFileType = wrapper.cfbundle; includeInIndex = 0; path = DoctoAppUITests.xctest; sourceTree = BUILT_PRODUCTS_DIR; };
		86567376238D2E1C00BC38D8 /* DoctoAppUITests.swift */ = {isa = PBXFileReference; lastKnownFileType = sourcecode.swift; path = DoctoAppUITests.swift; sourceTree = "<group>"; };
		86567378238D2E1C00BC38D8 /* Info.plist */ = {isa = PBXFileReference; lastKnownFileType = text.plist.xml; path = Info.plist; sourceTree = "<group>"; };
		869CC036238D884600EA27C8 /* roboto_regular.ttf */ = {isa = PBXFileReference; lastKnownFileType = file; path = roboto_regular.ttf; sourceTree = "<group>"; };
		869CC037238D884600EA27C8 /* roboto_medium.ttf */ = {isa = PBXFileReference; lastKnownFileType = file; path = roboto_medium.ttf; sourceTree = "<group>"; };
		869CC038238D884600EA27C8 /* roboto_bold.ttf */ = {isa = PBXFileReference; lastKnownFileType = file; path = roboto_bold.ttf; sourceTree = "<group>"; };
		869CC03C238D887E00EA27C8 /* boogaloo.ttf */ = {isa = PBXFileReference; lastKnownFileType = file; path = boogaloo.ttf; sourceTree = "<group>"; };
		86DC1A7423A3CA2A00E6DFC6 /* SQLite.xcodeproj */ = {isa = PBXFileReference; lastKnownFileType = "wrapper.pb-project"; name = SQLite.xcodeproj; path = DoctoApp/Frameworks/SQLite/SQLite.xcodeproj; sourceTree = "<group>"; };
		AAD4B9CE23B27BCF00CCF457 /* FeedbackMessage.xib */ = {isa = PBXFileReference; fileEncoding = 4; lastKnownFileType = file.xib; path = FeedbackMessage.xib; sourceTree = "<group>"; };
		AAD4B9CF23B27BCF00CCF457 /* AvailabilitiesForDayItemCell.xib */ = {isa = PBXFileReference; fileEncoding = 4; lastKnownFileType = file.xib; path = AvailabilitiesForDayItemCell.xib; sourceTree = "<group>"; };
		AAD4B9D023B27BCF00CCF457 /* HeaderSubtitle.xib */ = {isa = PBXFileReference; fileEncoding = 4; lastKnownFileType = file.xib; path = HeaderSubtitle.xib; sourceTree = "<group>"; };
		AAD4B9D123B27BCF00CCF457 /* BookingPreviewItemCell.xib */ = {isa = PBXFileReference; fileEncoding = 4; lastKnownFileType = file.xib; path = BookingPreviewItemCell.xib; sourceTree = "<group>"; };
		AAD4B9D223B27BCF00CCF457 /* DoctorPreviewItemCell.xib */ = {isa = PBXFileReference; fileEncoding = 4; lastKnownFileType = file.xib; path = DoctorPreviewItemCell.xib; sourceTree = "<group>"; };
		AAD4B9D323B27BCF00CCF457 /* BookingOneLineElementItemCell.xib */ = {isa = PBXFileReference; fileEncoding = 4; lastKnownFileType = file.xib; path = BookingOneLineElementItemCell.xib; sourceTree = "<group>"; };
		AAD4B9D423B27BCF00CCF457 /* BookingPreviewHeaderItemCell.xib */ = {isa = PBXFileReference; fileEncoding = 4; lastKnownFileType = file.xib; path = BookingPreviewHeaderItemCell.xib; sourceTree = "<group>"; };
		AAD4B9D523B27BCF00CCF457 /* DoctorMainDataItemCell.xib */ = {isa = PBXFileReference; fileEncoding = 4; lastKnownFileType = file.xib; path = DoctorMainDataItemCell.xib; sourceTree = "<group>"; };
		AAD4B9D623B27BCF00CCF457 /* HeaderDashboard.xib */ = {isa = PBXFileReference; fileEncoding = 4; lastKnownFileType = file.xib; path = HeaderDashboard.xib; sourceTree = "<group>"; };
		AAD4B9D723B27BCF00CCF457 /* BookingTwoLinesElementItemCell.xib */ = {isa = PBXFileReference; fileEncoding = 4; lastKnownFileType = file.xib; path = BookingTwoLinesElementItemCell.xib; sourceTree = "<group>"; };
		AAD4B9D823B27BCF00CCF457 /* DoctorSecondaryDataItemCell.xib */ = {isa = PBXFileReference; fileEncoding = 4; lastKnownFileType = file.xib; path = DoctorSecondaryDataItemCell.xib; sourceTree = "<group>"; };
		AAD4B9D923B27BCF00CCF457 /* HeaderDashboardSubtitle.xib */ = {isa = PBXFileReference; fileEncoding = 4; lastKnownFileType = file.xib; path = HeaderDashboardSubtitle.xib; sourceTree = "<group>"; };
		AAD4B9DA23B27BCF00CCF457 /* BookingActionsItemCell.xib */ = {isa = PBXFileReference; fileEncoding = 4; lastKnownFileType = file.xib; path = BookingActionsItemCell.xib; sourceTree = "<group>"; };
		AAD4B9DB23B27BCF00CCF457 /* Header.xib */ = {isa = PBXFileReference; fileEncoding = 4; lastKnownFileType = file.xib; path = Header.xib; sourceTree = "<group>"; };
		AAD4B9DC23B27BCF00CCF457 /* BookingDetailsView.xib */ = {isa = PBXFileReference; fileEncoding = 4; lastKnownFileType = file.xib; path = BookingDetailsView.xib; sourceTree = "<group>"; };
		AAD4B9DD23B27BCF00CCF457 /* AvailabilityItemCell.xib */ = {isa = PBXFileReference; fileEncoding = 4; lastKnownFileType = file.xib; path = AvailabilityItemCell.xib; sourceTree = "<group>"; };
		AAD4B9DE23B27BCF00CCF457 /* HeaderSubtitleView.swift */ = {isa = PBXFileReference; fileEncoding = 4; lastKnownFileType = sourcecode.swift; path = HeaderSubtitleView.swift; sourceTree = "<group>"; };
		AAD4B9E023B27BCF00CCF457 /* SignUpProTwoColumnsElementItemCell.swift */ = {isa = PBXFileReference; fileEncoding = 4; lastKnownFileType = sourcecode.swift; path = SignUpProTwoColumnsElementItemCell.swift; sourceTree = "<group>"; };
		AAD4B9E123B27BCF00CCF457 /* SignUpProOneColumnElementItemCell.swift */ = {isa = PBXFileReference; fileEncoding = 4; lastKnownFileType = sourcecode.swift; path = SignUpProOneColumnElementItemCell.swift; sourceTree = "<group>"; };
		AAD4B9E223B27BCF00CCF457 /* ReasonItemCell.swift */ = {isa = PBXFileReference; fileEncoding = 4; lastKnownFileType = sourcecode.swift; path = ReasonItemCell.swift; sourceTree = "<group>"; };
		AAD4B9E423B27BCF00CCF457 /* BookingActionsItemCell.swift */ = {isa = PBXFileReference; fileEncoding = 4; lastKnownFileType = sourcecode.swift; path = BookingActionsItemCell.swift; sourceTree = "<group>"; };
		AAD4B9E523B27BCF00CCF457 /* AvailabilitiesForDayItemCell.swift */ = {isa = PBXFileReference; fileEncoding = 4; lastKnownFileType = sourcecode.swift; path = AvailabilitiesForDayItemCell.swift; sourceTree = "<group>"; };
		AAD4B9E623B27BCF00CCF457 /* DoctorSecondaryDataItemCell.swift */ = {isa = PBXFileReference; fileEncoding = 4; lastKnownFileType = sourcecode.swift; path = DoctorSecondaryDataItemCell.swift; sourceTree = "<group>"; };
		AAD4B9E723B27BCF00CCF457 /* BookingPreviewHeaderItemCell.swift */ = {isa = PBXFileReference; fileEncoding = 4; lastKnownFileType = sourcecode.swift; path = BookingPreviewHeaderItemCell.swift; sourceTree = "<group>"; };
		AAD4B9E823B27BCF00CCF457 /* DoctorPreviewItemCell.swift */ = {isa = PBXFileReference; fileEncoding = 4; lastKnownFileType = sourcecode.swift; path = DoctorPreviewItemCell.swift; sourceTree = "<group>"; };
		AAD4B9E923B27BCF00CCF457 /* AvailabilityItemCell.swift */ = {isa = PBXFileReference; fileEncoding = 4; lastKnownFileType = sourcecode.swift; path = AvailabilityItemCell.swift; sourceTree = "<group>"; };
		AAD4B9EA23B27BCF00CCF457 /* BookingOneLineElementItemCell.swift */ = {isa = PBXFileReference; fileEncoding = 4; lastKnownFileType = sourcecode.swift; path = BookingOneLineElementItemCell.swift; sourceTree = "<group>"; };
		AAD4B9EB23B27BCF00CCF457 /* BookingPreviewItemCell.swift */ = {isa = PBXFileReference; fileEncoding = 4; lastKnownFileType = sourcecode.swift; path = BookingPreviewItemCell.swift; sourceTree = "<group>"; };
		AAD4B9EC23B27BCF00CCF457 /* BookingTwoLinesElementItemCell.swift */ = {isa = PBXFileReference; fileEncoding = 4; lastKnownFileType = sourcecode.swift; path = BookingTwoLinesElementItemCell.swift; sourceTree = "<group>"; };
		AAD4B9ED23B27BCF00CCF457 /* DoctorMainDataItemCell.swift */ = {isa = PBXFileReference; fileEncoding = 4; lastKnownFileType = sourcecode.swift; path = DoctorMainDataItemCell.swift; sourceTree = "<group>"; };
		AAD4B9EE23B27BCF00CCF457 /* FeedbackMessageView.swift */ = {isa = PBXFileReference; fileEncoding = 4; lastKnownFileType = sourcecode.swift; path = FeedbackMessageView.swift; sourceTree = "<group>"; };
		AAD4B9EF23B27BCF00CCF457 /* HeaderView.swift */ = {isa = PBXFileReference; fileEncoding = 4; lastKnownFileType = sourcecode.swift; path = HeaderView.swift; sourceTree = "<group>"; };
		AAD4B9F023B27BCF00CCF457 /* HeaderDashboardView.swift */ = {isa = PBXFileReference; fileEncoding = 4; lastKnownFileType = sourcecode.swift; path = HeaderDashboardView.swift; sourceTree = "<group>"; };
		AAD4B9F123B27BCF00CCF457 /* BookingDetailsView.swift */ = {isa = PBXFileReference; fileEncoding = 4; lastKnownFileType = sourcecode.swift; path = BookingDetailsView.swift; sourceTree = "<group>"; };
		AAD4B9F223B27BCF00CCF457 /* HeaderDashboardSubtitleView.swift */ = {isa = PBXFileReference; fileEncoding = 4; lastKnownFileType = sourcecode.swift; path = HeaderDashboardSubtitleView.swift; sourceTree = "<group>"; };
		AAD4B9F423B27BCF00CCF457 /* Experience.swift */ = {isa = PBXFileReference; fileEncoding = 4; lastKnownFileType = sourcecode.swift; path = Experience.swift; sourceTree = "<group>"; };
		AAD4B9F523B27BCF00CCF457 /* Language.swift */ = {isa = PBXFileReference; fileEncoding = 4; lastKnownFileType = sourcecode.swift; path = Language.swift; sourceTree = "<group>"; };
		AAD4B9F623B27BCF00CCF457 /* Address.swift */ = {isa = PBXFileReference; fileEncoding = 4; lastKnownFileType = sourcecode.swift; path = Address.swift; sourceTree = "<group>"; };
		AAD4B9F723B27BCF00CCF457 /* PaymentOption.swift */ = {isa = PBXFileReference; fileEncoding = 4; lastKnownFileType = sourcecode.swift; path = PaymentOption.swift; sourceTree = "<group>"; };
		AAD4B9F823B27BCF00CCF457 /* Booking.swift */ = {isa = PBXFileReference; fileEncoding = 4; lastKnownFileType = sourcecode.swift; path = Booking.swift; sourceTree = "<group>"; };
		AAD4B9F923B27BCF00CCF457 /* Reason.swift */ = {isa = PBXFileReference; fileEncoding = 4; lastKnownFileType = sourcecode.swift; path = Reason.swift; sourceTree = "<group>"; };
		AAD4B9FA23B27BCF00CCF457 /* Doctor.swift */ = {isa = PBXFileReference; fileEncoding = 4; lastKnownFileType = sourcecode.swift; path = Doctor.swift; sourceTree = "<group>"; };
		AAD4B9FB23B27BCF00CCF457 /* Patient.swift */ = {isa = PBXFileReference; fileEncoding = 4; lastKnownFileType = sourcecode.swift; path = Patient.swift; sourceTree = "<group>"; };
		AAD4B9FC23B27BCF00CCF457 /* Availability.swift */ = {isa = PBXFileReference; fileEncoding = 4; lastKnownFileType = sourcecode.swift; path = Availability.swift; sourceTree = "<group>"; };
		AAD4B9FD23B27BCF00CCF457 /* Resident.swift */ = {isa = PBXFileReference; fileEncoding = 4; lastKnownFileType = sourcecode.swift; path = Resident.swift; sourceTree = "<group>"; };
		AAD4B9FE23B27BCF00CCF457 /* Education.swift */ = {isa = PBXFileReference; fileEncoding = 4; lastKnownFileType = sourcecode.swift; path = Education.swift; sourceTree = "<group>"; };
		AAD4BA0023B27BCF00CCF457 /* ConfirmBookingVC.swift */ = {isa = PBXFileReference; fileEncoding = 4; lastKnownFileType = sourcecode.swift; path = ConfirmBookingVC.swift; sourceTree = "<group>"; };
		AAD4BA0123B27BCF00CCF457 /* DoctorProfileVC.swift */ = {isa = PBXFileReference; fileEncoding = 4; lastKnownFileType = sourcecode.swift; path = DoctorProfileVC.swift; sourceTree = "<group>"; };
		AAD4BA0223B27BCF00CCF457 /* PopUpVC.swift */ = {isa = PBXFileReference; fileEncoding = 4; lastKnownFileType = sourcecode.swift; path = PopUpVC.swift; sourceTree = "<group>"; };
		AAD4BA0323B27BCF00CCF457 /* LoginVC.swift */ = {isa = PBXFileReference; fileEncoding = 4; lastKnownFileType = sourcecode.swift; path = LoginVC.swift; sourceTree = "<group>"; };
		AAD4BA0423B27BCF00CCF457 /* ForgotPasswordVC.swift */ = {isa = PBXFileReference; fileEncoding = 4; lastKnownFileType = sourcecode.swift; path = ForgotPasswordVC.swift; sourceTree = "<group>"; };
		AAD4BA0523B27BCF00CCF457 /* MyBookingDetailsVC.swift */ = {isa = PBXFileReference; fileEncoding = 4; lastKnownFileType = sourcecode.swift; path = MyBookingDetailsVC.swift; sourceTree = "<group>"; };
		AAD4BA0623B27BCF00CCF457 /* SignUpProVC.swift */ = {isa = PBXFileReference; fileEncoding = 4; lastKnownFileType = sourcecode.swift; path = SignUpProVC.swift; sourceTree = "<group>"; };
		AAD4BA0723B27BCF00CCF457 /* SignUpVC.swift */ = {isa = PBXFileReference; fileEncoding = 4; lastKnownFileType = sourcecode.swift; path = SignUpVC.swift; sourceTree = "<group>"; };
		AAD4BA0823B27BCF00CCF457 /* SearchVC.swift */ = {isa = PBXFileReference; fileEncoding = 4; lastKnownFileType = sourcecode.swift; path = SearchVC.swift; sourceTree = "<group>"; };
		AAD4BA0923B27BCF00CCF457 /* ChooseAvailabilityVC.swift */ = {isa = PBXFileReference; fileEncoding = 4; lastKnownFileType = sourcecode.swift; path = ChooseAvailabilityVC.swift; sourceTree = "<group>"; };
		AAD4BA0A23B27BCF00CCF457 /* HomeVC.swift */ = {isa = PBXFileReference; fileEncoding = 4; lastKnownFileType = sourcecode.swift; path = HomeVC.swift; sourceTree = "<group>"; };
		AAD4BA0B23B27BCF00CCF457 /* MyBookingsVC.swift */ = {isa = PBXFileReference; fileEncoding = 4; lastKnownFileType = sourcecode.swift; path = MyBookingsVC.swift; sourceTree = "<group>"; };
		AAD4BA0C23B27BCF00CCF457 /* ChooseReasonVC.swift */ = {isa = PBXFileReference; fileEncoding = 4; lastKnownFileType = sourcecode.swift; path = ChooseReasonVC.swift; sourceTree = "<group>"; };
		AAD4BA0E23B27BD000CCF457 /* Strings.swift */ = {isa = PBXFileReference; fileEncoding = 4; lastKnownFileType = sourcecode.swift; path = Strings.swift; sourceTree = "<group>"; };
		AAD4BA0F23B27BD000CCF457 /* Colors.swift */ = {isa = PBXFileReference; fileEncoding = 4; lastKnownFileType = sourcecode.swift; path = Colors.swift; sourceTree = "<group>"; };
		AAD4BA1123B27BD000CCF457 /* AddressDatabaseHelper.swift */ = {isa = PBXFileReference; fileEncoding = 4; lastKnownFileType = sourcecode.swift; path = AddressDatabaseHelper.swift; sourceTree = "<group>"; };
		AAD4BA1223B27BD000CCF457 /* ExperienceDatabaseHelper.swift */ = {isa = PBXFileReference; fileEncoding = 4; lastKnownFileType = sourcecode.swift; path = ExperienceDatabaseHelper.swift; sourceTree = "<group>"; };
		AAD4BA1323B27BD000CCF457 /* EducationDatabaseHelper.swift */ = {isa = PBXFileReference; fileEncoding = 4; lastKnownFileType = sourcecode.swift; path = EducationDatabaseHelper.swift; sourceTree = "<group>"; };
		AAD4BA1423B27BD000CCF457 /* LanguageDatabaseHelper.swift */ = {isa = PBXFileReference; fileEncoding = 4; lastKnownFileType = sourcecode.swift; path = LanguageDatabaseHelper.swift; sourceTree = "<group>"; };
		AAD4BA1523B27BD000CCF457 /* BookingDatabaseHelper.swift */ = {isa = PBXFileReference; fileEncoding = 4; lastKnownFileType = sourcecode.swift; path = BookingDatabaseHelper.swift; sourceTree = "<group>"; };
		AAD4BA1623B27BD000CCF457 /* AvailabilityDatabaseHelper.swift */ = {isa = PBXFileReference; fileEncoding = 4; lastKnownFileType = sourcecode.swift; path = AvailabilityDatabaseHelper.swift; sourceTree = "<group>"; };
		AAD4BA1723B27BD000CCF457 /* DoctorDatabaseHelper.swift */ = {isa = PBXFileReference; fileEncoding = 4; lastKnownFileType = sourcecode.swift; path = DoctorDatabaseHelper.swift; sourceTree = "<group>"; };
		AAD4BA1823B27BD000CCF457 /* DoctoAppDatabaseHelper.swift */ = {isa = PBXFileReference; fileEncoding = 4; lastKnownFileType = sourcecode.swift; path = DoctoAppDatabaseHelper.swift; sourceTree = "<group>"; };
		AAD4BA1923B27BD000CCF457 /* PatientDatabaseHelper.swift */ = {isa = PBXFileReference; fileEncoding = 4; lastKnownFileType = sourcecode.swift; path = PatientDatabaseHelper.swift; sourceTree = "<group>"; };
		AAD4BA1A23B27BD000CCF457 /* ReasonDatabaseHelper.swift */ = {isa = PBXFileReference; fileEncoding = 4; lastKnownFileType = sourcecode.swift; path = ReasonDatabaseHelper.swift; sourceTree = "<group>"; };
		AAD4BA1B23B27BD000CCF457 /* PaymentOptionDatabaseHelper.swift */ = {isa = PBXFileReference; fileEncoding = 4; lastKnownFileType = sourcecode.swift; path = PaymentOptionDatabaseHelper.swift; sourceTree = "<group>"; };
		AAD4BA1D23B27BD000CCF457 /* ErrorCode.swift */ = {isa = PBXFileReference; fileEncoding = 4; lastKnownFileType = sourcecode.swift; path = ErrorCode.swift; sourceTree = "<group>"; };
		AAD4BA1F23B27BD000CCF457 /* ImageService.swift */ = {isa = PBXFileReference; fileEncoding = 4; lastKnownFileType = sourcecode.swift; path = ImageService.swift; sourceTree = "<group>"; };
		AAD4BA2023B27BD000CCF457 /* StringFormatterService.swift */ = {isa = PBXFileReference; fileEncoding = 4; lastKnownFileType = sourcecode.swift; path = StringFormatterService.swift; sourceTree = "<group>"; };
		AAD4BA2123B27BD000CCF457 /* DateTimeService.swift */ = {isa = PBXFileReference; fileEncoding = 4; lastKnownFileType = sourcecode.swift; path = DateTimeService.swift; sourceTree = "<group>"; };
		AAD4BA2223B27BD000CCF457 /* EncryptionService.swift */ = {isa = PBXFileReference; fileEncoding = 4; lastKnownFileType = sourcecode.swift; path = EncryptionService.swift; sourceTree = "<group>"; };
		AAD4BA7323B30D8200CCF457 /* PopUpBookingCancellationVC.swift */ = {isa = PBXFileReference; lastKnownFileType = sourcecode.swift; path = PopUpBookingCancellationVC.swift; sourceTree = "<group>"; };
		AAD4BA7C23B3182D00CCF457 /* CryptoSwift.xcodeproj */ = {isa = PBXFileReference; lastKnownFileType = "wrapper.pb-project"; name = CryptoSwift.xcodeproj; path = DoctoApp/Frameworks/CryptoSwift/CryptoSwift.xcodeproj; sourceTree = "<group>"; };
/* End PBXFileReference section */

/* Begin PBXFrameworksBuildPhase section */
		86567350238D2E1B00BC38D8 /* Frameworks */ = {
			isa = PBXFrameworksBuildPhase;
			buildActionMask = 2147483647;
			files = (
				AAD4BA9423B3184000CCF457 /* CryptoSwift.framework in Frameworks */,
				86DC1A8E23A3CA3C00E6DFC6 /* SQLite.framework in Frameworks */,
				86DC1A8D23A3CA3500E6DFC6 /* SQLite.framework in Frameworks */,
			);
			runOnlyForDeploymentPostprocessing = 0;
		};
		86567364238D2E1C00BC38D8 /* Frameworks */ = {
			isa = PBXFrameworksBuildPhase;
			buildActionMask = 2147483647;
			files = (
			);
			runOnlyForDeploymentPostprocessing = 0;
		};
		8656736F238D2E1C00BC38D8 /* Frameworks */ = {
			isa = PBXFrameworksBuildPhase;
			buildActionMask = 2147483647;
			files = (
			);
			runOnlyForDeploymentPostprocessing = 0;
		};
/* End PBXFrameworksBuildPhase section */

/* Begin PBXGroup section */
		8656734A238D2E1A00BC38D8 = {
			isa = PBXGroup;
			children = (
				AAD4BA7C23B3182D00CCF457 /* CryptoSwift.xcodeproj */,
				86DC1A7423A3CA2A00E6DFC6 /* SQLite.xcodeproj */,
				86567355238D2E1B00BC38D8 /* DoctoApp */,
				8656736A238D2E1C00BC38D8 /* DoctoAppTests */,
				86567375238D2E1C00BC38D8 /* DoctoAppUITests */,
				86567354238D2E1B00BC38D8 /* Products */,
				86DC1A8C23A3CA3500E6DFC6 /* Frameworks */,
			);
			sourceTree = "<group>";
		};
		86567354238D2E1B00BC38D8 /* Products */ = {
			isa = PBXGroup;
			children = (
				86567353238D2E1B00BC38D8 /* DoctoApp.app */,
				86567367238D2E1C00BC38D8 /* DoctoAppTests.xctest */,
				86567372238D2E1C00BC38D8 /* DoctoAppUITests.xctest */,
			);
			name = Products;
			sourceTree = "<group>";
		};
		86567355238D2E1B00BC38D8 /* DoctoApp */ = {
			isa = PBXGroup;
			children = (
				AAD4BA1C23B27BD000CCF457 /* Codes */,
				AAD4BA0D23B27BD000CCF457 /* Constants */,
				AAD4B9FF23B27BCF00CCF457 /* Controllers */,
				AAD4BA1023B27BD000CCF457 /* DatabaseHelpers */,
				AAD4B9F323B27BCF00CCF457 /* Models */,
				AAD4BA1E23B27BD000CCF457 /* Services */,
				AAD4B9CC23B27BCF00CCF457 /* Views */,
				869CC031238D81AB00EA27C8 /* Fonts */,
				86567356238D2E1B00BC38D8 /* AppDelegate.swift */,
				8656735A238D2E1B00BC38D8 /* Main.storyboard */,
				8656735D238D2E1B00BC38D8 /* Assets.xcassets */,
				8656735F238D2E1B00BC38D8 /* LaunchScreen.storyboard */,
				86567362238D2E1B00BC38D8 /* Info.plist */,
			);
			path = DoctoApp;
			sourceTree = "<group>";
		};
		8656736A238D2E1C00BC38D8 /* DoctoAppTests */ = {
			isa = PBXGroup;
			children = (
				8656736B238D2E1C00BC38D8 /* DoctoAppTests.swift */,
				8656736D238D2E1C00BC38D8 /* Info.plist */,
			);
			path = DoctoAppTests;
			sourceTree = "<group>";
		};
		86567375238D2E1C00BC38D8 /* DoctoAppUITests */ = {
			isa = PBXGroup;
			children = (
				86567376238D2E1C00BC38D8 /* DoctoAppUITests.swift */,
				86567378238D2E1C00BC38D8 /* Info.plist */,
			);
			path = DoctoAppUITests;
			sourceTree = "<group>";
		};
		869CC031238D81AB00EA27C8 /* Fonts */ = {
			isa = PBXGroup;
			children = (
				869CC03C238D887E00EA27C8 /* boogaloo.ttf */,
				869CC038238D884600EA27C8 /* roboto_bold.ttf */,
				869CC037238D884600EA27C8 /* roboto_medium.ttf */,
				869CC036238D884600EA27C8 /* roboto_regular.ttf */,
			);
			path = Fonts;
			sourceTree = "<group>";
		};
		86DC1A7523A3CA2A00E6DFC6 /* Products */ = {
			isa = PBXGroup;
			children = (
				86DC1A7F23A3CA2A00E6DFC6 /* SQLite.framework */,
				86DC1A8123A3CA2A00E6DFC6 /* SQLiteTests iOS.xctest */,
				86DC1A8323A3CA2A00E6DFC6 /* SQLite.framework */,
				86DC1A8523A3CA2A00E6DFC6 /* SQLiteTests Mac.xctest */,
				86DC1A8723A3CA2A00E6DFC6 /* SQLite.framework */,
				86DC1A8923A3CA2A00E6DFC6 /* SQLiteTests tvOS.xctest */,
				86DC1A8B23A3CA2A00E6DFC6 /* SQLite.framework */,
			);
			name = Products;
			sourceTree = "<group>";
		};
		86DC1A8C23A3CA3500E6DFC6 /* Frameworks */ = {
			isa = PBXGroup;
			children = (
			);
			name = Frameworks;
			sourceTree = "<group>";
		};
		AAD4B9CC23B27BCF00CCF457 /* Views */ = {
			isa = PBXGroup;
			children = (
				AAD4B9CD23B27BCF00CCF457 /* XIB */,
				AAD4B9DF23B27BCF00CCF457 /* CustomCells */,
				AAD4B9EE23B27BCF00CCF457 /* FeedbackMessageView.swift */,
				AAD4B9EF23B27BCF00CCF457 /* HeaderView.swift */,
				AAD4B9DE23B27BCF00CCF457 /* HeaderSubtitleView.swift */,
				AAD4B9F023B27BCF00CCF457 /* HeaderDashboardView.swift */,
				AAD4B9F123B27BCF00CCF457 /* BookingDetailsView.swift */,
				AAD4B9F223B27BCF00CCF457 /* HeaderDashboardSubtitleView.swift */,
			);
			path = Views;
			sourceTree = "<group>";
		};
		AAD4B9CD23B27BCF00CCF457 /* XIB */ = {
			isa = PBXGroup;
			children = (
				AAD4B9CE23B27BCF00CCF457 /* FeedbackMessage.xib */,
				AAD4B9CF23B27BCF00CCF457 /* AvailabilitiesForDayItemCell.xib */,
				AAD4B9D023B27BCF00CCF457 /* HeaderSubtitle.xib */,
				AAD4B9D123B27BCF00CCF457 /* BookingPreviewItemCell.xib */,
				AAD4B9D223B27BCF00CCF457 /* DoctorPreviewItemCell.xib */,
				AAD4B9D323B27BCF00CCF457 /* BookingOneLineElementItemCell.xib */,
				AAD4B9D423B27BCF00CCF457 /* BookingPreviewHeaderItemCell.xib */,
				AAD4B9D523B27BCF00CCF457 /* DoctorMainDataItemCell.xib */,
				AAD4B9D623B27BCF00CCF457 /* HeaderDashboard.xib */,
				AAD4B9D723B27BCF00CCF457 /* BookingTwoLinesElementItemCell.xib */,
				AAD4B9D823B27BCF00CCF457 /* DoctorSecondaryDataItemCell.xib */,
				AAD4B9D923B27BCF00CCF457 /* HeaderDashboardSubtitle.xib */,
				AAD4B9DA23B27BCF00CCF457 /* BookingActionsItemCell.xib */,
				AAD4B9DB23B27BCF00CCF457 /* Header.xib */,
				AAD4B9DC23B27BCF00CCF457 /* BookingDetailsView.xib */,
				AAD4B9DD23B27BCF00CCF457 /* AvailabilityItemCell.xib */,
			);
			path = XIB;
			sourceTree = "<group>";
		};
		AAD4B9DF23B27BCF00CCF457 /* CustomCells */ = {
			isa = PBXGroup;
			children = (
				AAD4B9E023B27BCF00CCF457 /* SignUpProTwoColumnsElementItemCell.swift */,
				AAD4B9E123B27BCF00CCF457 /* SignUpProOneColumnElementItemCell.swift */,
				AAD4B9E223B27BCF00CCF457 /* ReasonItemCell.swift */,
				AAD4B9E423B27BCF00CCF457 /* BookingActionsItemCell.swift */,
				AAD4B9E523B27BCF00CCF457 /* AvailabilitiesForDayItemCell.swift */,
				AAD4B9E623B27BCF00CCF457 /* DoctorSecondaryDataItemCell.swift */,
				AAD4B9E723B27BCF00CCF457 /* BookingPreviewHeaderItemCell.swift */,
				AAD4B9E823B27BCF00CCF457 /* DoctorPreviewItemCell.swift */,
				AAD4B9E923B27BCF00CCF457 /* AvailabilityItemCell.swift */,
				AAD4B9EA23B27BCF00CCF457 /* BookingOneLineElementItemCell.swift */,
				AAD4B9EB23B27BCF00CCF457 /* BookingPreviewItemCell.swift */,
				AAD4B9EC23B27BCF00CCF457 /* BookingTwoLinesElementItemCell.swift */,
				AAD4B9ED23B27BCF00CCF457 /* DoctorMainDataItemCell.swift */,
			);
			path = CustomCells;
			sourceTree = "<group>";
		};
		AAD4B9F323B27BCF00CCF457 /* Models */ = {
			isa = PBXGroup;
			children = (
				AAD4B9F423B27BCF00CCF457 /* Experience.swift */,
				AAD4B9F523B27BCF00CCF457 /* Language.swift */,
				AAD4B9F623B27BCF00CCF457 /* Address.swift */,
				AAD4B9F723B27BCF00CCF457 /* PaymentOption.swift */,
				AAD4B9F823B27BCF00CCF457 /* Booking.swift */,
				AAD4B9F923B27BCF00CCF457 /* Reason.swift */,
				AAD4B9FA23B27BCF00CCF457 /* Doctor.swift */,
				AAD4B9FB23B27BCF00CCF457 /* Patient.swift */,
				AAD4B9FC23B27BCF00CCF457 /* Availability.swift */,
				AAD4B9FD23B27BCF00CCF457 /* Resident.swift */,
				AAD4B9FE23B27BCF00CCF457 /* Education.swift */,
			);
			path = Models;
			sourceTree = "<group>";
		};
		AAD4B9FF23B27BCF00CCF457 /* Controllers */ = {
			isa = PBXGroup;
			children = (
				AAD4BA0023B27BCF00CCF457 /* ConfirmBookingVC.swift */,
				AAD4BA0123B27BCF00CCF457 /* DoctorProfileVC.swift */,
				AAD4BA0223B27BCF00CCF457 /* PopUpVC.swift */,
				AAD4BA0323B27BCF00CCF457 /* LoginVC.swift */,
				AAD4BA0423B27BCF00CCF457 /* ForgotPasswordVC.swift */,
				AAD4BA0523B27BCF00CCF457 /* MyBookingDetailsVC.swift */,
				AAD4BA0623B27BCF00CCF457 /* SignUpProVC.swift */,
				AAD4BA0723B27BCF00CCF457 /* SignUpVC.swift */,
				AAD4BA0823B27BCF00CCF457 /* SearchVC.swift */,
				AAD4BA0923B27BCF00CCF457 /* ChooseAvailabilityVC.swift */,
				AAD4BA0A23B27BCF00CCF457 /* HomeVC.swift */,
				AAD4BA0B23B27BCF00CCF457 /* MyBookingsVC.swift */,
				AAD4BA0C23B27BCF00CCF457 /* ChooseReasonVC.swift */,
				AAD4BA7323B30D8200CCF457 /* PopUpBookingCancellationVC.swift */,
			);
			path = Controllers;
			sourceTree = "<group>";
		};
		AAD4BA0D23B27BD000CCF457 /* Constants */ = {
			isa = PBXGroup;
			children = (
				AAD4BA0E23B27BD000CCF457 /* Strings.swift */,
				AAD4BA0F23B27BD000CCF457 /* Colors.swift */,
			);
			path = Constants;
			sourceTree = "<group>";
		};
		AAD4BA1023B27BD000CCF457 /* DatabaseHelpers */ = {
			isa = PBXGroup;
			children = (
				AAD4BA1123B27BD000CCF457 /* AddressDatabaseHelper.swift */,
				AAD4BA1223B27BD000CCF457 /* ExperienceDatabaseHelper.swift */,
				AAD4BA1323B27BD000CCF457 /* EducationDatabaseHelper.swift */,
				AAD4BA1423B27BD000CCF457 /* LanguageDatabaseHelper.swift */,
				AAD4BA1523B27BD000CCF457 /* BookingDatabaseHelper.swift */,
				AAD4BA1623B27BD000CCF457 /* AvailabilityDatabaseHelper.swift */,
				AAD4BA1723B27BD000CCF457 /* DoctorDatabaseHelper.swift */,
				AAD4BA1823B27BD000CCF457 /* DoctoAppDatabaseHelper.swift */,
				AAD4BA1923B27BD000CCF457 /* PatientDatabaseHelper.swift */,
				AAD4BA1A23B27BD000CCF457 /* ReasonDatabaseHelper.swift */,
				AAD4BA1B23B27BD000CCF457 /* PaymentOptionDatabaseHelper.swift */,
			);
			path = DatabaseHelpers;
			sourceTree = "<group>";
		};
		AAD4BA1C23B27BD000CCF457 /* Codes */ = {
			isa = PBXGroup;
			children = (
				AAD4BA1D23B27BD000CCF457 /* ErrorCode.swift */,
			);
			path = Codes;
			sourceTree = "<group>";
		};
		AAD4BA1E23B27BD000CCF457 /* Services */ = {
			isa = PBXGroup;
			children = (
				AAD4BA1F23B27BD000CCF457 /* ImageService.swift */,
				AAD4BA2023B27BD000CCF457 /* StringFormatterService.swift */,
				AAD4BA2123B27BD000CCF457 /* DateTimeService.swift */,
				AAD4BA2223B27BD000CCF457 /* EncryptionService.swift */,
			);
			path = Services;
			sourceTree = "<group>";
		};
		AAD4BA7D23B3182D00CCF457 /* Products */ = {
			isa = PBXGroup;
			children = (
				AAD4BA8523B3182D00CCF457 /* CryptoSwift.framework */,
				AAD4BA8723B3182D00CCF457 /* CryptoSwift-TestHostApp.app */,
				AAD4BA8923B3182D00CCF457 /* CryptoSwiftTests.xctest */,
				AAD4BA8B23B3182D00CCF457 /* TestsPerformance-Mac.xctest */,
				AAD4BA8D23B3182D00CCF457 /* TestsPerformance-iOS.xctest */,
			);
			name = Products;
			sourceTree = "<group>";
		};
/* End PBXGroup section */

/* Begin PBXNativeTarget section */
		86567352238D2E1B00BC38D8 /* DoctoApp */ = {
			isa = PBXNativeTarget;
			buildConfigurationList = 8656737B238D2E1C00BC38D8 /* Build configuration list for PBXNativeTarget "DoctoApp" */;
			buildPhases = (
				8656734F238D2E1B00BC38D8 /* Sources */,
				86567350238D2E1B00BC38D8 /* Frameworks */,
				86567351238D2E1B00BC38D8 /* Resources */,
				86DC1A9223A3CA3C00E6DFC6 /* Embed Frameworks */,
			);
			buildRules = (
			);
			dependencies = (
				86DC1A9123A3CA3C00E6DFC6 /* PBXTargetDependency */,
			);
			name = DoctoApp;
			productName = DoctoApp;
			productReference = 86567353238D2E1B00BC38D8 /* DoctoApp.app */;
			productType = "com.apple.product-type.application";
		};
		86567366238D2E1C00BC38D8 /* DoctoAppTests */ = {
			isa = PBXNativeTarget;
			buildConfigurationList = 8656737E238D2E1C00BC38D8 /* Build configuration list for PBXNativeTarget "DoctoAppTests" */;
			buildPhases = (
				86567363238D2E1C00BC38D8 /* Sources */,
				86567364238D2E1C00BC38D8 /* Frameworks */,
				86567365238D2E1C00BC38D8 /* Resources */,
			);
			buildRules = (
			);
			dependencies = (
				86567369238D2E1C00BC38D8 /* PBXTargetDependency */,
			);
			name = DoctoAppTests;
			productName = DoctoAppTests;
			productReference = 86567367238D2E1C00BC38D8 /* DoctoAppTests.xctest */;
			productType = "com.apple.product-type.bundle.unit-test";
		};
		86567371238D2E1C00BC38D8 /* DoctoAppUITests */ = {
			isa = PBXNativeTarget;
			buildConfigurationList = 86567381238D2E1C00BC38D8 /* Build configuration list for PBXNativeTarget "DoctoAppUITests" */;
			buildPhases = (
				8656736E238D2E1C00BC38D8 /* Sources */,
				8656736F238D2E1C00BC38D8 /* Frameworks */,
				86567370238D2E1C00BC38D8 /* Resources */,
			);
			buildRules = (
			);
			dependencies = (
				86567374238D2E1C00BC38D8 /* PBXTargetDependency */,
			);
			name = DoctoAppUITests;
			productName = DoctoAppUITests;
			productReference = 86567372238D2E1C00BC38D8 /* DoctoAppUITests.xctest */;
			productType = "com.apple.product-type.bundle.ui-testing";
		};
/* End PBXNativeTarget section */

/* Begin PBXProject section */
		8656734B238D2E1A00BC38D8 /* Project object */ = {
			isa = PBXProject;
			attributes = {
				LastSwiftUpdateCheck = 1010;
				LastUpgradeCheck = 1010;
				ORGANIZATIONNAME = DoctoAppLavCop;
				TargetAttributes = {
					86567352238D2E1B00BC38D8 = {
						CreatedOnToolsVersion = 10.1;
					};
					86567366238D2E1C00BC38D8 = {
						CreatedOnToolsVersion = 10.1;
						TestTargetID = 86567352238D2E1B00BC38D8;
					};
					86567371238D2E1C00BC38D8 = {
						CreatedOnToolsVersion = 10.1;
						TestTargetID = 86567352238D2E1B00BC38D8;
					};
				};
			};
			buildConfigurationList = 8656734E238D2E1A00BC38D8 /* Build configuration list for PBXProject "DoctoApp" */;
			compatibilityVersion = "Xcode 9.3";
			developmentRegion = en;
			hasScannedForEncodings = 0;
			knownRegions = (
				en,
				Base,
			);
			mainGroup = 8656734A238D2E1A00BC38D8;
			productRefGroup = 86567354238D2E1B00BC38D8 /* Products */;
			projectDirPath = "";
			projectReferences = (
				{
					ProductGroup = AAD4BA7D23B3182D00CCF457 /* Products */;
					ProjectRef = AAD4BA7C23B3182D00CCF457 /* CryptoSwift.xcodeproj */;
				},
				{
					ProductGroup = 86DC1A7523A3CA2A00E6DFC6 /* Products */;
					ProjectRef = 86DC1A7423A3CA2A00E6DFC6 /* SQLite.xcodeproj */;
				},
			);
			projectRoot = "";
			targets = (
				86567352238D2E1B00BC38D8 /* DoctoApp */,
				86567366238D2E1C00BC38D8 /* DoctoAppTests */,
				86567371238D2E1C00BC38D8 /* DoctoAppUITests */,
			);
		};
/* End PBXProject section */

/* Begin PBXReferenceProxy section */
		86DC1A7F23A3CA2A00E6DFC6 /* SQLite.framework */ = {
			isa = PBXReferenceProxy;
			fileType = wrapper.framework;
			path = SQLite.framework;
			remoteRef = 86DC1A7E23A3CA2A00E6DFC6 /* PBXContainerItemProxy */;
			sourceTree = BUILT_PRODUCTS_DIR;
		};
		86DC1A8123A3CA2A00E6DFC6 /* SQLiteTests iOS.xctest */ = {
			isa = PBXReferenceProxy;
			fileType = wrapper.cfbundle;
			path = "SQLiteTests iOS.xctest";
			remoteRef = 86DC1A8023A3CA2A00E6DFC6 /* PBXContainerItemProxy */;
			sourceTree = BUILT_PRODUCTS_DIR;
		};
		86DC1A8323A3CA2A00E6DFC6 /* SQLite.framework */ = {
			isa = PBXReferenceProxy;
			fileType = wrapper.framework;
			path = SQLite.framework;
			remoteRef = 86DC1A8223A3CA2A00E6DFC6 /* PBXContainerItemProxy */;
			sourceTree = BUILT_PRODUCTS_DIR;
		};
		86DC1A8523A3CA2A00E6DFC6 /* SQLiteTests Mac.xctest */ = {
			isa = PBXReferenceProxy;
			fileType = wrapper.cfbundle;
			path = "SQLiteTests Mac.xctest";
			remoteRef = 86DC1A8423A3CA2A00E6DFC6 /* PBXContainerItemProxy */;
			sourceTree = BUILT_PRODUCTS_DIR;
		};
		86DC1A8723A3CA2A00E6DFC6 /* SQLite.framework */ = {
			isa = PBXReferenceProxy;
			fileType = wrapper.framework;
			path = SQLite.framework;
			remoteRef = 86DC1A8623A3CA2A00E6DFC6 /* PBXContainerItemProxy */;
			sourceTree = BUILT_PRODUCTS_DIR;
		};
		86DC1A8923A3CA2A00E6DFC6 /* SQLiteTests tvOS.xctest */ = {
			isa = PBXReferenceProxy;
			fileType = wrapper.cfbundle;
			path = "SQLiteTests tvOS.xctest";
			remoteRef = 86DC1A8823A3CA2A00E6DFC6 /* PBXContainerItemProxy */;
			sourceTree = BUILT_PRODUCTS_DIR;
		};
		86DC1A8B23A3CA2A00E6DFC6 /* SQLite.framework */ = {
			isa = PBXReferenceProxy;
			fileType = wrapper.framework;
			path = SQLite.framework;
			remoteRef = 86DC1A8A23A3CA2A00E6DFC6 /* PBXContainerItemProxy */;
			sourceTree = BUILT_PRODUCTS_DIR;
		};
		AAD4BA8523B3182D00CCF457 /* CryptoSwift.framework */ = {
			isa = PBXReferenceProxy;
			fileType = wrapper.framework;
			path = CryptoSwift.framework;
			remoteRef = AAD4BA8423B3182D00CCF457 /* PBXContainerItemProxy */;
			sourceTree = BUILT_PRODUCTS_DIR;
		};
		AAD4BA8723B3182D00CCF457 /* CryptoSwift-TestHostApp.app */ = {
			isa = PBXReferenceProxy;
			fileType = wrapper.application;
			path = "CryptoSwift-TestHostApp.app";
			remoteRef = AAD4BA8623B3182D00CCF457 /* PBXContainerItemProxy */;
			sourceTree = BUILT_PRODUCTS_DIR;
		};
		AAD4BA8923B3182D00CCF457 /* CryptoSwiftTests.xctest */ = {
			isa = PBXReferenceProxy;
			fileType = wrapper.cfbundle;
			path = CryptoSwiftTests.xctest;
			remoteRef = AAD4BA8823B3182D00CCF457 /* PBXContainerItemProxy */;
			sourceTree = BUILT_PRODUCTS_DIR;
		};
		AAD4BA8B23B3182D00CCF457 /* TestsPerformance-Mac.xctest */ = {
			isa = PBXReferenceProxy;
			fileType = wrapper.cfbundle;
			path = "TestsPerformance-Mac.xctest";
			remoteRef = AAD4BA8A23B3182D00CCF457 /* PBXContainerItemProxy */;
			sourceTree = BUILT_PRODUCTS_DIR;
		};
		AAD4BA8D23B3182D00CCF457 /* TestsPerformance-iOS.xctest */ = {
			isa = PBXReferenceProxy;
			fileType = wrapper.cfbundle;
			path = "TestsPerformance-iOS.xctest";
			remoteRef = AAD4BA8C23B3182D00CCF457 /* PBXContainerItemProxy */;
			sourceTree = BUILT_PRODUCTS_DIR;
		};
/* End PBXReferenceProxy section */

/* Begin PBXResourcesBuildPhase section */
		86567351238D2E1B00BC38D8 /* Resources */ = {
			isa = PBXResourcesBuildPhase;
			buildActionMask = 2147483647;
			files = (
				AAD4BA2623B27BD000CCF457 /* BookingPreviewItemCell.xib in Resources */,
				AAD4BA2E23B27BD000CCF457 /* HeaderDashboardSubtitle.xib in Resources */,
				869CC039238D884600EA27C8 /* roboto_regular.ttf in Resources */,
				AAD4BA3123B27BD000CCF457 /* BookingDetailsView.xib in Resources */,
				AAD4BA2723B27BD000CCF457 /* DoctorPreviewItemCell.xib in Resources */,
				AAD4BA3023B27BD000CCF457 /* Header.xib in Resources */,
				AAD4BA2823B27BD000CCF457 /* BookingOneLineElementItemCell.xib in Resources */,
				86567361238D2E1B00BC38D8 /* LaunchScreen.storyboard in Resources */,
				AAD4BA3223B27BD000CCF457 /* AvailabilityItemCell.xib in Resources */,
				AAD4BA2B23B27BD000CCF457 /* HeaderDashboard.xib in Resources */,
				AAD4BA2D23B27BD000CCF457 /* DoctorSecondaryDataItemCell.xib in Resources */,
				869CC03D238D887F00EA27C8 /* boogaloo.ttf in Resources */,
				AAD4BA2C23B27BD000CCF457 /* BookingTwoLinesElementItemCell.xib in Resources */,
				AAD4BA2423B27BD000CCF457 /* AvailabilitiesForDayItemCell.xib in Resources */,
				869CC03B238D884600EA27C8 /* roboto_bold.ttf in Resources */,
				AAD4BA2923B27BD000CCF457 /* BookingPreviewHeaderItemCell.xib in Resources */,
				869CC03A238D884600EA27C8 /* roboto_medium.ttf in Resources */,
				8656735E238D2E1B00BC38D8 /* Assets.xcassets in Resources */,
				AAD4BA2323B27BD000CCF457 /* FeedbackMessage.xib in Resources */,
				AAD4BA2F23B27BD000CCF457 /* BookingActionsItemCell.xib in Resources */,
				AAD4BA2523B27BD000CCF457 /* HeaderSubtitle.xib in Resources */,
				8656735C238D2E1B00BC38D8 /* Main.storyboard in Resources */,
				AAD4BA2A23B27BD000CCF457 /* DoctorMainDataItemCell.xib in Resources */,
			);
			runOnlyForDeploymentPostprocessing = 0;
		};
		86567365238D2E1C00BC38D8 /* Resources */ = {
			isa = PBXResourcesBuildPhase;
			buildActionMask = 2147483647;
			files = (
			);
			runOnlyForDeploymentPostprocessing = 0;
		};
		86567370238D2E1C00BC38D8 /* Resources */ = {
			isa = PBXResourcesBuildPhase;
			buildActionMask = 2147483647;
			files = (
			);
			runOnlyForDeploymentPostprocessing = 0;
		};
/* End PBXResourcesBuildPhase section */

/* Begin PBXSourcesBuildPhase section */
		8656734F238D2E1B00BC38D8 /* Sources */ = {
			isa = PBXSourcesBuildPhase;
			buildActionMask = 2147483647;
			files = (
				AAD4BA4123B27BD000CCF457 /* DoctorMainDataItemCell.swift in Sources */,
				AAD4BA4723B27BD000CCF457 /* Experience.swift in Sources */,
				AAD4BA6B23B27BD000CCF457 /* PaymentOptionDatabaseHelper.swift in Sources */,
				AAD4BA4323B27BD000CCF457 /* HeaderView.swift in Sources */,
				AAD4BA4C23B27BD000CCF457 /* Reason.swift in Sources */,
				AAD4BA6223B27BD000CCF457 /* ExperienceDatabaseHelper.swift in Sources */,
				AAD4BA3B23B27BD000CCF457 /* BookingPreviewHeaderItemCell.swift in Sources */,
				AAD4BA4023B27BD000CCF457 /* BookingTwoLinesElementItemCell.swift in Sources */,
				AAD4BA6623B27BD000CCF457 /* AvailabilityDatabaseHelper.swift in Sources */,
				AAD4BA5B23B27BD000CCF457 /* ChooseAvailabilityVC.swift in Sources */,
				AAD4BA5E23B27BD000CCF457 /* ChooseReasonVC.swift in Sources */,
				AAD4BA5123B27BD000CCF457 /* Education.swift in Sources */,
				AAD4BA5323B27BD000CCF457 /* DoctorProfileVC.swift in Sources */,
				AAD4BA6023B27BD000CCF457 /* Colors.swift in Sources */,
				AAD4BA6823B27BD000CCF457 /* DoctoAppDatabaseHelper.swift in Sources */,
				AAD4BA6723B27BD000CCF457 /* DoctorDatabaseHelper.swift in Sources */,
				AAD4BA5923B27BD000CCF457 /* SignUpVC.swift in Sources */,
				AAD4BA6A23B27BD000CCF457 /* ReasonDatabaseHelper.swift in Sources */,
				AAD4BA5023B27BD000CCF457 /* Resident.swift in Sources */,
				AAD4BA4E23B27BD000CCF457 /* Patient.swift in Sources */,
				AAD4BA5D23B27BD000CCF457 /* MyBookingsVC.swift in Sources */,
				AAD4BA4D23B27BD000CCF457 /* Doctor.swift in Sources */,
				AAD4BA6323B27BD000CCF457 /* EducationDatabaseHelper.swift in Sources */,
				AAD4BA6C23B27BD000CCF457 /* ErrorCode.swift in Sources */,
				AAD4BA5223B27BD000CCF457 /* ConfirmBookingVC.swift in Sources */,
				AAD4BA4B23B27BD000CCF457 /* Booking.swift in Sources */,
				AAD4BA6423B27BD000CCF457 /* LanguageDatabaseHelper.swift in Sources */,
				AAD4BA4223B27BD000CCF457 /* FeedbackMessageView.swift in Sources */,
				AAD4BA5523B27BD000CCF457 /* LoginVC.swift in Sources */,
				AAD4BA7023B27BD000CCF457 /* EncryptionService.swift in Sources */,
				AAD4BA4A23B27BD000CCF457 /* PaymentOption.swift in Sources */,
				AAD4BA6523B27BD000CCF457 /* BookingDatabaseHelper.swift in Sources */,
				AAD4BA4923B27BD000CCF457 /* Address.swift in Sources */,
				AAD4BA4623B27BD000CCF457 /* HeaderDashboardSubtitleView.swift in Sources */,
				AAD4BA5F23B27BD000CCF457 /* Strings.swift in Sources */,
				AAD4BA3623B27BD000CCF457 /* ReasonItemCell.swift in Sources */,
				86567357238D2E1B00BC38D8 /* AppDelegate.swift in Sources */,
				AAD4BA5C23B27BD000CCF457 /* HomeVC.swift in Sources */,
				AAD4BA3F23B27BD000CCF457 /* BookingPreviewItemCell.swift in Sources */,
				AAD4BA5823B27BD000CCF457 /* SignUpProVC.swift in Sources */,
				AAD4BA4523B27BD000CCF457 /* BookingDetailsView.swift in Sources */,
				AAD4BA5A23B27BD000CCF457 /* SearchVC.swift in Sources */,
				AAD4BA5723B27BD000CCF457 /* MyBookingDetailsVC.swift in Sources */,
				AAD4BA6923B27BD000CCF457 /* PatientDatabaseHelper.swift in Sources */,
				AAD4BA6123B27BD000CCF457 /* AddressDatabaseHelper.swift in Sources */,
				AAD4BA4F23B27BD000CCF457 /* Availability.swift in Sources */,
				AAD4BA3323B27BD000CCF457 /* HeaderSubtitleView.swift in Sources */,
				AAD4BA3C23B27BD000CCF457 /* DoctorPreviewItemCell.swift in Sources */,
				AAD4BA5623B27BD000CCF457 /* ForgotPasswordVC.swift in Sources */,
				AAD4BA3E23B27BD000CCF457 /* BookingOneLineElementItemCell.swift in Sources */,
				AAD4BA3A23B27BD000CCF457 /* DoctorSecondaryDataItemCell.swift in Sources */,
				AAD4BA3923B27BD000CCF457 /* AvailabilitiesForDayItemCell.swift in Sources */,
				AAD4BA6F23B27BD000CCF457 /* DateTimeService.swift in Sources */,
				AAD4BA3523B27BD000CCF457 /* SignUpProOneColumnElementItemCell.swift in Sources */,
				AAD4BA6D23B27BD000CCF457 /* ImageService.swift in Sources */,
				AAD4BA3423B27BD000CCF457 /* SignUpProTwoColumnsElementItemCell.swift in Sources */,
				AAD4BA3823B27BD000CCF457 /* BookingActionsItemCell.swift in Sources */,
				AAD4BA4423B27BD000CCF457 /* HeaderDashboardView.swift in Sources */,
				AAD4BA5423B27BD000CCF457 /* PopUpVC.swift in Sources */,
				AAD4BA7423B30D8200CCF457 /* PopUpBookingCancellationVC.swift in Sources */,
				AAD4BA4823B27BD000CCF457 /* Language.swift in Sources */,
				AAD4BA6E23B27BD000CCF457 /* StringFormatterService.swift in Sources */,
				AAD4BA3D23B27BD000CCF457 /* AvailabilityItemCell.swift in Sources */,
			);
			runOnlyForDeploymentPostprocessing = 0;
		};
		86567363238D2E1C00BC38D8 /* Sources */ = {
			isa = PBXSourcesBuildPhase;
			buildActionMask = 2147483647;
			files = (
				8656736C238D2E1C00BC38D8 /* DoctoAppTests.swift in Sources */,
			);
			runOnlyForDeploymentPostprocessing = 0;
		};
		8656736E238D2E1C00BC38D8 /* Sources */ = {
			isa = PBXSourcesBuildPhase;
			buildActionMask = 2147483647;
			files = (
				86567377238D2E1C00BC38D8 /* DoctoAppUITests.swift in Sources */,
			);
			runOnlyForDeploymentPostprocessing = 0;
		};
/* End PBXSourcesBuildPhase section */

/* Begin PBXTargetDependency section */
		86567369238D2E1C00BC38D8 /* PBXTargetDependency */ = {
			isa = PBXTargetDependency;
			target = 86567352238D2E1B00BC38D8 /* DoctoApp */;
			targetProxy = 86567368238D2E1C00BC38D8 /* PBXContainerItemProxy */;
		};
		86567374238D2E1C00BC38D8 /* PBXTargetDependency */ = {
			isa = PBXTargetDependency;
			target = 86567352238D2E1B00BC38D8 /* DoctoApp */;
			targetProxy = 86567373238D2E1C00BC38D8 /* PBXContainerItemProxy */;
		};
		86DC1A9123A3CA3C00E6DFC6 /* PBXTargetDependency */ = {
			isa = PBXTargetDependency;
			name = "SQLite iOS";
			targetProxy = 86DC1A9023A3CA3C00E6DFC6 /* PBXContainerItemProxy */;
		};
/* End PBXTargetDependency section */

/* Begin PBXVariantGroup section */
		8656735A238D2E1B00BC38D8 /* Main.storyboard */ = {
			isa = PBXVariantGroup;
			children = (
				8656735B238D2E1B00BC38D8 /* Base */,
			);
			name = Main.storyboard;
			sourceTree = "<group>";
		};
		8656735F238D2E1B00BC38D8 /* LaunchScreen.storyboard */ = {
			isa = PBXVariantGroup;
			children = (
				86567360238D2E1B00BC38D8 /* Base */,
			);
			name = LaunchScreen.storyboard;
			sourceTree = "<group>";
		};
/* End PBXVariantGroup section */

/* Begin XCBuildConfiguration section */
		86567379238D2E1C00BC38D8 /* Debug */ = {
			isa = XCBuildConfiguration;
			buildSettings = {
				ALWAYS_SEARCH_USER_PATHS = NO;
				CLANG_ANALYZER_NONNULL = YES;
				CLANG_ANALYZER_NUMBER_OBJECT_CONVERSION = YES_AGGRESSIVE;
				CLANG_CXX_LANGUAGE_STANDARD = "gnu++14";
				CLANG_CXX_LIBRARY = "libc++";
				CLANG_ENABLE_MODULES = YES;
				CLANG_ENABLE_OBJC_ARC = YES;
				CLANG_ENABLE_OBJC_WEAK = YES;
				CLANG_WARN_BLOCK_CAPTURE_AUTORELEASING = YES;
				CLANG_WARN_BOOL_CONVERSION = YES;
				CLANG_WARN_COMMA = YES;
				CLANG_WARN_CONSTANT_CONVERSION = YES;
				CLANG_WARN_DEPRECATED_OBJC_IMPLEMENTATIONS = YES;
				CLANG_WARN_DIRECT_OBJC_ISA_USAGE = YES_ERROR;
				CLANG_WARN_DOCUMENTATION_COMMENTS = YES;
				CLANG_WARN_EMPTY_BODY = YES;
				CLANG_WARN_ENUM_CONVERSION = YES;
				CLANG_WARN_INFINITE_RECURSION = YES;
				CLANG_WARN_INT_CONVERSION = YES;
				CLANG_WARN_NON_LITERAL_NULL_CONVERSION = YES;
				CLANG_WARN_OBJC_IMPLICIT_RETAIN_SELF = YES;
				CLANG_WARN_OBJC_LITERAL_CONVERSION = YES;
				CLANG_WARN_OBJC_ROOT_CLASS = YES_ERROR;
				CLANG_WARN_RANGE_LOOP_ANALYSIS = YES;
				CLANG_WARN_STRICT_PROTOTYPES = YES;
				CLANG_WARN_SUSPICIOUS_MOVE = YES;
				CLANG_WARN_UNGUARDED_AVAILABILITY = YES_AGGRESSIVE;
				CLANG_WARN_UNREACHABLE_CODE = YES;
				CLANG_WARN__DUPLICATE_METHOD_MATCH = YES;
				CODE_SIGN_IDENTITY = "iPhone Developer";
				COPY_PHASE_STRIP = NO;
				DEBUG_INFORMATION_FORMAT = dwarf;
				ENABLE_STRICT_OBJC_MSGSEND = YES;
				ENABLE_TESTABILITY = YES;
				GCC_C_LANGUAGE_STANDARD = gnu11;
				GCC_DYNAMIC_NO_PIC = NO;
				GCC_NO_COMMON_BLOCKS = YES;
				GCC_OPTIMIZATION_LEVEL = 0;
				GCC_PREPROCESSOR_DEFINITIONS = (
					"DEBUG=1",
					"$(inherited)",
				);
				GCC_WARN_64_TO_32_BIT_CONVERSION = YES;
				GCC_WARN_ABOUT_RETURN_TYPE = YES_ERROR;
				GCC_WARN_UNDECLARED_SELECTOR = YES;
				GCC_WARN_UNINITIALIZED_AUTOS = YES_AGGRESSIVE;
				GCC_WARN_UNUSED_FUNCTION = YES;
				GCC_WARN_UNUSED_VARIABLE = YES;
				IPHONEOS_DEPLOYMENT_TARGET = 12.1;
				MTL_ENABLE_DEBUG_INFO = INCLUDE_SOURCE;
				MTL_FAST_MATH = YES;
				ONLY_ACTIVE_ARCH = YES;
				SDKROOT = iphoneos;
				SWIFT_ACTIVE_COMPILATION_CONDITIONS = DEBUG;
				SWIFT_OPTIMIZATION_LEVEL = "-Onone";
			};
			name = Debug;
		};
		8656737A238D2E1C00BC38D8 /* Release */ = {
			isa = XCBuildConfiguration;
			buildSettings = {
				ALWAYS_SEARCH_USER_PATHS = NO;
				CLANG_ANALYZER_NONNULL = YES;
				CLANG_ANALYZER_NUMBER_OBJECT_CONVERSION = YES_AGGRESSIVE;
				CLANG_CXX_LANGUAGE_STANDARD = "gnu++14";
				CLANG_CXX_LIBRARY = "libc++";
				CLANG_ENABLE_MODULES = YES;
				CLANG_ENABLE_OBJC_ARC = YES;
				CLANG_ENABLE_OBJC_WEAK = YES;
				CLANG_WARN_BLOCK_CAPTURE_AUTORELEASING = YES;
				CLANG_WARN_BOOL_CONVERSION = YES;
				CLANG_WARN_COMMA = YES;
				CLANG_WARN_CONSTANT_CONVERSION = YES;
				CLANG_WARN_DEPRECATED_OBJC_IMPLEMENTATIONS = YES;
				CLANG_WARN_DIRECT_OBJC_ISA_USAGE = YES_ERROR;
				CLANG_WARN_DOCUMENTATION_COMMENTS = YES;
				CLANG_WARN_EMPTY_BODY = YES;
				CLANG_WARN_ENUM_CONVERSION = YES;
				CLANG_WARN_INFINITE_RECURSION = YES;
				CLANG_WARN_INT_CONVERSION = YES;
				CLANG_WARN_NON_LITERAL_NULL_CONVERSION = YES;
				CLANG_WARN_OBJC_IMPLICIT_RETAIN_SELF = YES;
				CLANG_WARN_OBJC_LITERAL_CONVERSION = YES;
				CLANG_WARN_OBJC_ROOT_CLASS = YES_ERROR;
				CLANG_WARN_RANGE_LOOP_ANALYSIS = YES;
				CLANG_WARN_STRICT_PROTOTYPES = YES;
				CLANG_WARN_SUSPICIOUS_MOVE = YES;
				CLANG_WARN_UNGUARDED_AVAILABILITY = YES_AGGRESSIVE;
				CLANG_WARN_UNREACHABLE_CODE = YES;
				CLANG_WARN__DUPLICATE_METHOD_MATCH = YES;
				CODE_SIGN_IDENTITY = "iPhone Developer";
				COPY_PHASE_STRIP = NO;
				DEBUG_INFORMATION_FORMAT = "dwarf-with-dsym";
				ENABLE_NS_ASSERTIONS = NO;
				ENABLE_STRICT_OBJC_MSGSEND = YES;
				GCC_C_LANGUAGE_STANDARD = gnu11;
				GCC_NO_COMMON_BLOCKS = YES;
				GCC_WARN_64_TO_32_BIT_CONVERSION = YES;
				GCC_WARN_ABOUT_RETURN_TYPE = YES_ERROR;
				GCC_WARN_UNDECLARED_SELECTOR = YES;
				GCC_WARN_UNINITIALIZED_AUTOS = YES_AGGRESSIVE;
				GCC_WARN_UNUSED_FUNCTION = YES;
				GCC_WARN_UNUSED_VARIABLE = YES;
				IPHONEOS_DEPLOYMENT_TARGET = 12.1;
				MTL_ENABLE_DEBUG_INFO = NO;
				MTL_FAST_MATH = YES;
				SDKROOT = iphoneos;
				SWIFT_COMPILATION_MODE = wholemodule;
				SWIFT_OPTIMIZATION_LEVEL = "-O";
				VALIDATE_PRODUCT = YES;
			};
			name = Release;
		};
		8656737C238D2E1C00BC38D8 /* Debug */ = {
			isa = XCBuildConfiguration;
			buildSettings = {
				ALWAYS_EMBED_SWIFT_STANDARD_LIBRARIES = YES;
				ASSETCATALOG_COMPILER_APPICON_NAME = AppIcon;
				CODE_SIGN_STYLE = Automatic;
				INFOPLIST_FILE = DoctoApp/Info.plist;
				LD_RUNPATH_SEARCH_PATHS = (
					"$(inherited)",
					"@executable_path/Frameworks",
				);
				PRODUCT_BUNDLE_IDENTIFIER = if26.ios.DoctoApp;
				PRODUCT_NAME = "$(TARGET_NAME)";
				SWIFT_VERSION = 4.2;
				TARGETED_DEVICE_FAMILY = "1,2";
			};
			name = Debug;
		};
		8656737D238D2E1C00BC38D8 /* Release */ = {
			isa = XCBuildConfiguration;
			buildSettings = {
				ALWAYS_EMBED_SWIFT_STANDARD_LIBRARIES = YES;
				ASSETCATALOG_COMPILER_APPICON_NAME = AppIcon;
				CODE_SIGN_STYLE = Automatic;
				INFOPLIST_FILE = DoctoApp/Info.plist;
				LD_RUNPATH_SEARCH_PATHS = (
					"$(inherited)",
					"@executable_path/Frameworks",
				);
				PRODUCT_BUNDLE_IDENTIFIER = if26.ios.DoctoApp;
				PRODUCT_NAME = "$(TARGET_NAME)";
				SWIFT_VERSION = 4.2;
				TARGETED_DEVICE_FAMILY = "1,2";
			};
			name = Release;
		};
		8656737F238D2E1C00BC38D8 /* Debug */ = {
			isa = XCBuildConfiguration;
			buildSettings = {
				ALWAYS_EMBED_SWIFT_STANDARD_LIBRARIES = YES;
				BUNDLE_LOADER = "$(TEST_HOST)";
				CODE_SIGN_STYLE = Automatic;
				INFOPLIST_FILE = DoctoAppTests/Info.plist;
				LD_RUNPATH_SEARCH_PATHS = (
					"$(inherited)",
					"@executable_path/Frameworks",
					"@loader_path/Frameworks",
				);
				PRODUCT_BUNDLE_IDENTIFIER = if26.ios.DoctoAppTests;
				PRODUCT_NAME = "$(TARGET_NAME)";
				SWIFT_VERSION = 4.2;
				TARGETED_DEVICE_FAMILY = "1,2";
				TEST_HOST = "$(BUILT_PRODUCTS_DIR)/DoctoApp.app/DoctoApp";
			};
			name = Debug;
		};
		86567380238D2E1C00BC38D8 /* Release */ = {
			isa = XCBuildConfiguration;
			buildSettings = {
				ALWAYS_EMBED_SWIFT_STANDARD_LIBRARIES = YES;
				BUNDLE_LOADER = "$(TEST_HOST)";
				CODE_SIGN_STYLE = Automatic;
				INFOPLIST_FILE = DoctoAppTests/Info.plist;
				LD_RUNPATH_SEARCH_PATHS = (
					"$(inherited)",
					"@executable_path/Frameworks",
					"@loader_path/Frameworks",
				);
				PRODUCT_BUNDLE_IDENTIFIER = if26.ios.DoctoAppTests;
				PRODUCT_NAME = "$(TARGET_NAME)";
				SWIFT_VERSION = 4.2;
				TARGETED_DEVICE_FAMILY = "1,2";
				TEST_HOST = "$(BUILT_PRODUCTS_DIR)/DoctoApp.app/DoctoApp";
			};
			name = Release;
		};
		86567382238D2E1C00BC38D8 /* Debug */ = {
			isa = XCBuildConfiguration;
			buildSettings = {
				ALWAYS_EMBED_SWIFT_STANDARD_LIBRARIES = YES;
				CODE_SIGN_STYLE = Automatic;
				INFOPLIST_FILE = DoctoAppUITests/Info.plist;
				LD_RUNPATH_SEARCH_PATHS = (
					"$(inherited)",
					"@executable_path/Frameworks",
					"@loader_path/Frameworks",
				);
				PRODUCT_BUNDLE_IDENTIFIER = if26.ios.DoctoAppUITests;
				PRODUCT_NAME = "$(TARGET_NAME)";
				SWIFT_VERSION = 4.2;
				TARGETED_DEVICE_FAMILY = "1,2";
				TEST_TARGET_NAME = DoctoApp;
			};
			name = Debug;
		};
		86567383238D2E1C00BC38D8 /* Release */ = {
			isa = XCBuildConfiguration;
			buildSettings = {
				ALWAYS_EMBED_SWIFT_STANDARD_LIBRARIES = YES;
				CODE_SIGN_STYLE = Automatic;
				INFOPLIST_FILE = DoctoAppUITests/Info.plist;
				LD_RUNPATH_SEARCH_PATHS = (
					"$(inherited)",
					"@executable_path/Frameworks",
					"@loader_path/Frameworks",
				);
				PRODUCT_BUNDLE_IDENTIFIER = if26.ios.DoctoAppUITests;
				PRODUCT_NAME = "$(TARGET_NAME)";
				SWIFT_VERSION = 4.2;
				TARGETED_DEVICE_FAMILY = "1,2";
				TEST_TARGET_NAME = DoctoApp;
			};
			name = Release;
		};
/* End XCBuildConfiguration section */

/* Begin XCConfigurationList section */
		8656734E238D2E1A00BC38D8 /* Build configuration list for PBXProject "DoctoApp" */ = {
			isa = XCConfigurationList;
			buildConfigurations = (
				86567379238D2E1C00BC38D8 /* Debug */,
				8656737A238D2E1C00BC38D8 /* Release */,
			);
			defaultConfigurationIsVisible = 0;
			defaultConfigurationName = Release;
		};
		8656737B238D2E1C00BC38D8 /* Build configuration list for PBXNativeTarget "DoctoApp" */ = {
			isa = XCConfigurationList;
			buildConfigurations = (
				8656737C238D2E1C00BC38D8 /* Debug */,
				8656737D238D2E1C00BC38D8 /* Release */,
			);
			defaultConfigurationIsVisible = 0;
			defaultConfigurationName = Release;
		};
		8656737E238D2E1C00BC38D8 /* Build configuration list for PBXNativeTarget "DoctoAppTests" */ = {
			isa = XCConfigurationList;
			buildConfigurations = (
				8656737F238D2E1C00BC38D8 /* Debug */,
				86567380238D2E1C00BC38D8 /* Release */,
			);
			defaultConfigurationIsVisible = 0;
			defaultConfigurationName = Release;
		};
		86567381238D2E1C00BC38D8 /* Build configuration list for PBXNativeTarget "DoctoAppUITests" */ = {
			isa = XCConfigurationList;
			buildConfigurations = (
				86567382238D2E1C00BC38D8 /* Debug */,
				86567383238D2E1C00BC38D8 /* Release */,
			);
			defaultConfigurationIsVisible = 0;
			defaultConfigurationName = Release;
		};
/* End XCConfigurationList section */
	};
	rootObject = 8656734B238D2E1A00BC38D8 /* Project object */;
}
