// !$*UTF8*$!
{
	archiveVersion = 1;
	classes = {
	};
	objectVersion = 50;
	objects = {

/* Begin PBXBuildFile section */
		86567357238D2E1B00BC38D8 /* AppDelegate.swift in Sources */ = {isa = PBXBuildFile; fileRef = 86567356238D2E1B00BC38D8 /* AppDelegate.swift */; };
		8656735C238D2E1B00BC38D8 /* Main.storyboard in Resources */ = {isa = PBXBuildFile; fileRef = 8656735A238D2E1B00BC38D8 /* Main.storyboard */; };
		8656735E238D2E1B00BC38D8 /* Assets.xcassets in Resources */ = {isa = PBXBuildFile; fileRef = 8656735D238D2E1B00BC38D8 /* Assets.xcassets */; };
		86567361238D2E1B00BC38D8 /* LaunchScreen.storyboard in Resources */ = {isa = PBXBuildFile; fileRef = 8656735F238D2E1B00BC38D8 /* LaunchScreen.storyboard */; };
		8656736C238D2E1C00BC38D8 /* DoctoAppTests.swift in Sources */ = {isa = PBXBuildFile; fileRef = 8656736B238D2E1C00BC38D8 /* DoctoAppTests.swift */; };
		86567377238D2E1C00BC38D8 /* DoctoAppUITests.swift in Sources */ = {isa = PBXBuildFile; fileRef = 86567376238D2E1C00BC38D8 /* DoctoAppUITests.swift */; };
		869CC039238D884600EA27C8 /* roboto_regular.ttf in Resources */ = {isa = PBXBuildFile; fileRef = 869CC036238D884600EA27C8 /* roboto_regular.ttf */; };
		869CC03A238D884600EA27C8 /* roboto_medium.ttf in Resources */ = {isa = PBXBuildFile; fileRef = 869CC037238D884600EA27C8 /* roboto_medium.ttf */; };
		869CC03B238D884600EA27C8 /* roboto_bold.ttf in Resources */ = {isa = PBXBuildFile; fileRef = 869CC038238D884600EA27C8 /* roboto_bold.ttf */; };
		869CC03D238D887F00EA27C8 /* boogaloo.ttf in Resources */ = {isa = PBXBuildFile; fileRef = 869CC03C238D887E00EA27C8 /* boogaloo.ttf */; };
		86DA0C3223AD898400755B44 /* Address.swift in Sources */ = {isa = PBXBuildFile; fileRef = 86DA0BDC23AD898400755B44 /* Address.swift */; };
		86DA0C3323AD898400755B44 /* Availability.swift in Sources */ = {isa = PBXBuildFile; fileRef = 86DA0BDD23AD898400755B44 /* Availability.swift */; };
		86DA0C3423AD898400755B44 /* Booking.swift in Sources */ = {isa = PBXBuildFile; fileRef = 86DA0BDE23AD898400755B44 /* Booking.swift */; };
		86DA0C3523AD898400755B44 /* Doctor.swift in Sources */ = {isa = PBXBuildFile; fileRef = 86DA0BDF23AD898400755B44 /* Doctor.swift */; };
		86DA0C3623AD898400755B44 /* Education.swift in Sources */ = {isa = PBXBuildFile; fileRef = 86DA0BE023AD898400755B44 /* Education.swift */; };
		86DA0C3723AD898400755B44 /* Experience.swift in Sources */ = {isa = PBXBuildFile; fileRef = 86DA0BE123AD898400755B44 /* Experience.swift */; };
		86DA0C3823AD898400755B44 /* Language.swift in Sources */ = {isa = PBXBuildFile; fileRef = 86DA0BE223AD898400755B44 /* Language.swift */; };
		86DA0C3923AD898400755B44 /* Patient.swift in Sources */ = {isa = PBXBuildFile; fileRef = 86DA0BE323AD898400755B44 /* Patient.swift */; };
		86DA0C3A23AD898400755B44 /* PaymentOption.swift in Sources */ = {isa = PBXBuildFile; fileRef = 86DA0BE423AD898400755B44 /* PaymentOption.swift */; };
		86DA0C3B23AD898400755B44 /* Reason.swift in Sources */ = {isa = PBXBuildFile; fileRef = 86DA0BE523AD898400755B44 /* Reason.swift */; };
		86DA0C3C23AD898400755B44 /* Resident.swift in Sources */ = {isa = PBXBuildFile; fileRef = 86DA0BE623AD898400755B44 /* Resident.swift */; };
		86DA0C3D23AD898400755B44 /* DateTimeService.swift in Sources */ = {isa = PBXBuildFile; fileRef = 86DA0BE823AD898400755B44 /* DateTimeService.swift */; };
		86DA0C3E23AD898400755B44 /* EncryptionService.swift in Sources */ = {isa = PBXBuildFile; fileRef = 86DA0BE923AD898400755B44 /* EncryptionService.swift */; };
		86DA0C3F23AD898400755B44 /* ImageService.swift in Sources */ = {isa = PBXBuildFile; fileRef = 86DA0BEA23AD898400755B44 /* ImageService.swift */; };
		86DA0C4023AD898400755B44 /* StringFormatterService.swift in Sources */ = {isa = PBXBuildFile; fileRef = 86DA0BEB23AD898400755B44 /* StringFormatterService.swift */; };
		86DA0C4123AD898400755B44 /* ErrorCode.swift in Sources */ = {isa = PBXBuildFile; fileRef = 86DA0BED23AD898400755B44 /* ErrorCode.swift */; };
		86DA0C4223AD898400755B44 /* AddressDatabaseHelper.swift in Sources */ = {isa = PBXBuildFile; fileRef = 86DA0BEF23AD898400755B44 /* AddressDatabaseHelper.swift */; };
		86DA0C4323AD898400755B44 /* AvailabilityDatabaseHelper.swift in Sources */ = {isa = PBXBuildFile; fileRef = 86DA0BF023AD898400755B44 /* AvailabilityDatabaseHelper.swift */; };
		86DA0C4423AD898400755B44 /* BookingDatabaseHelper.swift in Sources */ = {isa = PBXBuildFile; fileRef = 86DA0BF123AD898400755B44 /* BookingDatabaseHelper.swift */; };
		86DA0C4523AD898400755B44 /* DoctoAppDatabaseHelper.swift in Sources */ = {isa = PBXBuildFile; fileRef = 86DA0BF223AD898400755B44 /* DoctoAppDatabaseHelper.swift */; };
		86DA0C4623AD898400755B44 /* DoctorDatabaseHelper.swift in Sources */ = {isa = PBXBuildFile; fileRef = 86DA0BF323AD898400755B44 /* DoctorDatabaseHelper.swift */; };
		86DA0C4723AD898400755B44 /* EducationDatabaseHelper.swift in Sources */ = {isa = PBXBuildFile; fileRef = 86DA0BF423AD898400755B44 /* EducationDatabaseHelper.swift */; };
		86DA0C4823AD898400755B44 /* ExperienceDatabaseHelper.swift in Sources */ = {isa = PBXBuildFile; fileRef = 86DA0BF523AD898400755B44 /* ExperienceDatabaseHelper.swift */; };
		86DA0C4923AD898400755B44 /* LanguageDatabaseHelper.swift in Sources */ = {isa = PBXBuildFile; fileRef = 86DA0BF623AD898400755B44 /* LanguageDatabaseHelper.swift */; };
		86DA0C4A23AD898400755B44 /* PatientDatabaseHelper.swift in Sources */ = {isa = PBXBuildFile; fileRef = 86DA0BF723AD898400755B44 /* PatientDatabaseHelper.swift */; };
		86DA0C4B23AD898400755B44 /* PaymentOptionDatabaseHelper.swift in Sources */ = {isa = PBXBuildFile; fileRef = 86DA0BF823AD898400755B44 /* PaymentOptionDatabaseHelper.swift */; };
		86DA0C4C23AD898400755B44 /* ReasonDatabaseHelper.swift in Sources */ = {isa = PBXBuildFile; fileRef = 86DA0BF923AD898400755B44 /* ReasonDatabaseHelper.swift */; };
		86DA0C4D23AD898400755B44 /* BookingDetailsView.swift in Sources */ = {isa = PBXBuildFile; fileRef = 86DA0BFB23AD898400755B44 /* BookingDetailsView.swift */; };
		86DA0C4E23AD898400755B44 /* AvailabilitiesForDayItemCell.swift in Sources */ = {isa = PBXBuildFile; fileRef = 86DA0BFD23AD898400755B44 /* AvailabilitiesForDayItemCell.swift */; };
		86DA0C4F23AD898400755B44 /* AvailabilityItemCell.swift in Sources */ = {isa = PBXBuildFile; fileRef = 86DA0BFE23AD898400755B44 /* AvailabilityItemCell.swift */; };
		86DA0C5023AD898400755B44 /* BookingActionsItemCell.swift in Sources */ = {isa = PBXBuildFile; fileRef = 86DA0BFF23AD898400755B44 /* BookingActionsItemCell.swift */; };
		86DA0C5123AD898400755B44 /* BookingOneLineElementItemCell.swift in Sources */ = {isa = PBXBuildFile; fileRef = 86DA0C0023AD898400755B44 /* BookingOneLineElementItemCell.swift */; };
		86DA0C5223AD898400755B44 /* BookingPatientItemCell.swift in Sources */ = {isa = PBXBuildFile; fileRef = 86DA0C0123AD898400755B44 /* BookingPatientItemCell.swift */; };
		86DA0C5323AD898400755B44 /* BookingPreviewHeaderItemCell.swift in Sources */ = {isa = PBXBuildFile; fileRef = 86DA0C0223AD898400755B44 /* BookingPreviewHeaderItemCell.swift */; };
		86DA0C5423AD898400755B44 /* BookingPreviewItemCell.swift in Sources */ = {isa = PBXBuildFile; fileRef = 86DA0C0323AD898400755B44 /* BookingPreviewItemCell.swift */; };
		86DA0C5523AD898400755B44 /* BookingTwoLinesElementItemCell.swift in Sources */ = {isa = PBXBuildFile; fileRef = 86DA0C0423AD898400755B44 /* BookingTwoLinesElementItemCell.swift */; };
		86DA0C5623AD898400755B44 /* DoctorMainDataItemCell.swift in Sources */ = {isa = PBXBuildFile; fileRef = 86DA0C0523AD898400755B44 /* DoctorMainDataItemCell.swift */; };
		86DA0C5723AD898400755B44 /* DoctorPreviewItemCell.swift in Sources */ = {isa = PBXBuildFile; fileRef = 86DA0C0623AD898400755B44 /* DoctorPreviewItemCell.swift */; };
		86DA0C5823AD898400755B44 /* DoctorSecondaryDataItemCell.swift in Sources */ = {isa = PBXBuildFile; fileRef = 86DA0C0723AD898400755B44 /* DoctorSecondaryDataItemCell.swift */; };
		86DA0C5923AD898400755B44 /* ReasonItemCell.swift in Sources */ = {isa = PBXBuildFile; fileRef = 86DA0C0823AD898400755B44 /* ReasonItemCell.swift */; };
		86DA0C5A23AD898400755B44 /* SignUpProOneColumnElementItemCell.swift in Sources */ = {isa = PBXBuildFile; fileRef = 86DA0C0923AD898400755B44 /* SignUpProOneColumnElementItemCell.swift */; };
		86DA0C5B23AD898400755B44 /* SignUpProTwoColumnsElementItemCell.swift in Sources */ = {isa = PBXBuildFile; fileRef = 86DA0C0A23AD898400755B44 /* SignUpProTwoColumnsElementItemCell.swift */; };
		86DA0C5C23AD898400755B44 /* FeedbackMessageView.swift in Sources */ = {isa = PBXBuildFile; fileRef = 86DA0C0B23AD898400755B44 /* FeedbackMessageView.swift */; };
		86DA0C5D23AD898400755B44 /* HeaderDashboardSubtitleView.swift in Sources */ = {isa = PBXBuildFile; fileRef = 86DA0C0C23AD898400755B44 /* HeaderDashboardSubtitleView.swift */; };
		86DA0C5E23AD898400755B44 /* HeaderDashboardView.swift in Sources */ = {isa = PBXBuildFile; fileRef = 86DA0C0D23AD898400755B44 /* HeaderDashboardView.swift */; };
		86DA0C5F23AD898400755B44 /* HeaderSubtitleView.swift in Sources */ = {isa = PBXBuildFile; fileRef = 86DA0C0E23AD898400755B44 /* HeaderSubtitleView.swift */; };
		86DA0C6023AD898400755B44 /* HeaderView.swift in Sources */ = {isa = PBXBuildFile; fileRef = 86DA0C0F23AD898400755B44 /* HeaderView.swift */; };
		86DA0C6123AD898400755B44 /* AvailabilitiesForDayItemCell.xib in Resources */ = {isa = PBXBuildFile; fileRef = 86DA0C1123AD898400755B44 /* AvailabilitiesForDayItemCell.xib */; };
		86DA0C6223AD898400755B44 /* AvailabilityItemCell.xib in Resources */ = {isa = PBXBuildFile; fileRef = 86DA0C1223AD898400755B44 /* AvailabilityItemCell.xib */; };
		86DA0C6323AD898400755B44 /* BookingActionsItemCell.xib in Resources */ = {isa = PBXBuildFile; fileRef = 86DA0C1323AD898400755B44 /* BookingActionsItemCell.xib */; };
		86DA0C6423AD898400755B44 /* BookingDetailsView.xib in Resources */ = {isa = PBXBuildFile; fileRef = 86DA0C1423AD898400755B44 /* BookingDetailsView.xib */; };
		86DA0C6523AD898400755B44 /* BookingOneLineElementItemCell.xib in Resources */ = {isa = PBXBuildFile; fileRef = 86DA0C1523AD898400755B44 /* BookingOneLineElementItemCell.xib */; };
		86DA0C6623AD898400755B44 /* BookingPreviewHeaderItemCell.xib in Resources */ = {isa = PBXBuildFile; fileRef = 86DA0C1623AD898400755B44 /* BookingPreviewHeaderItemCell.xib */; };
		86DA0C6723AD898400755B44 /* BookingPreviewItemCell.xib in Resources */ = {isa = PBXBuildFile; fileRef = 86DA0C1723AD898400755B44 /* BookingPreviewItemCell.xib */; };
		86DA0C6823AD898400755B44 /* BookingTwoLinesElementItemCell.xib in Resources */ = {isa = PBXBuildFile; fileRef = 86DA0C1823AD898400755B44 /* BookingTwoLinesElementItemCell.xib */; };
		86DA0C6923AD898400755B44 /* DoctorMainDataItemCell.xib in Resources */ = {isa = PBXBuildFile; fileRef = 86DA0C1923AD898400755B44 /* DoctorMainDataItemCell.xib */; };
		86DA0C6A23AD898400755B44 /* DoctorPreviewItemCell.xib in Resources */ = {isa = PBXBuildFile; fileRef = 86DA0C1A23AD898400755B44 /* DoctorPreviewItemCell.xib */; };
		86DA0C6B23AD898400755B44 /* DoctorSecondaryDataItemCell.xib in Resources */ = {isa = PBXBuildFile; fileRef = 86DA0C1B23AD898400755B44 /* DoctorSecondaryDataItemCell.xib */; };
		86DA0C6C23AD898400755B44 /* FeedbackMessage.xib in Resources */ = {isa = PBXBuildFile; fileRef = 86DA0C1C23AD898400755B44 /* FeedbackMessage.xib */; };
		86DA0C6D23AD898400755B44 /* Header.xib in Resources */ = {isa = PBXBuildFile; fileRef = 86DA0C1D23AD898400755B44 /* Header.xib */; };
		86DA0C6E23AD898400755B44 /* HeaderDashboard.xib in Resources */ = {isa = PBXBuildFile; fileRef = 86DA0C1E23AD898400755B44 /* HeaderDashboard.xib */; };
		86DA0C6F23AD898400755B44 /* HeaderDashboardSubtitle.xib in Resources */ = {isa = PBXBuildFile; fileRef = 86DA0C1F23AD898400755B44 /* HeaderDashboardSubtitle.xib */; };
		86DA0C7023AD898400755B44 /* HeaderSubtitle.xib in Resources */ = {isa = PBXBuildFile; fileRef = 86DA0C2023AD898400755B44 /* HeaderSubtitle.xib */; };
		86DA0C7123AD898400755B44 /* Colors.swift in Sources */ = {isa = PBXBuildFile; fileRef = 86DA0C2223AD898400755B44 /* Colors.swift */; };
		86DA0C7223AD898400755B44 /* Strings.swift in Sources */ = {isa = PBXBuildFile; fileRef = 86DA0C2323AD898400755B44 /* Strings.swift */; };
		86DA0C7323AD898400755B44 /* ChooseAvailabilityVC.swift in Sources */ = {isa = PBXBuildFile; fileRef = 86DA0C2523AD898400755B44 /* ChooseAvailabilityVC.swift */; };
		86DA0C7423AD898400755B44 /* ChooseReasonVC.swift in Sources */ = {isa = PBXBuildFile; fileRef = 86DA0C2623AD898400755B44 /* ChooseReasonVC.swift */; };
		86DA0C7523AD898400755B44 /* ConfirmBookingVC.swift in Sources */ = {isa = PBXBuildFile; fileRef = 86DA0C2723AD898400755B44 /* ConfirmBookingVC.swift */; };
		86DA0C7623AD898400755B44 /* DoctorProfileVC.swift in Sources */ = {isa = PBXBuildFile; fileRef = 86DA0C2823AD898400755B44 /* DoctorProfileVC.swift */; };
		86DA0C7723AD898400755B44 /* ForgotPasswordVC.swift in Sources */ = {isa = PBXBuildFile; fileRef = 86DA0C2923AD898400755B44 /* ForgotPasswordVC.swift */; };
		86DA0C7823AD898400755B44 /* HomeVC.swift in Sources */ = {isa = PBXBuildFile; fileRef = 86DA0C2A23AD898400755B44 /* HomeVC.swift */; };
		86DA0C7923AD898400755B44 /* LoginVC.swift in Sources */ = {isa = PBXBuildFile; fileRef = 86DA0C2B23AD898400755B44 /* LoginVC.swift */; };
		86DA0C7A23AD898400755B44 /* MyBookingDetailsVC.swift in Sources */ = {isa = PBXBuildFile; fileRef = 86DA0C2C23AD898400755B44 /* MyBookingDetailsVC.swift */; };
		86DA0C7B23AD898400755B44 /* MyBookingsVC.swift in Sources */ = {isa = PBXBuildFile; fileRef = 86DA0C2D23AD898400755B44 /* MyBookingsVC.swift */; };
		86DA0C7C23AD898400755B44 /* PopUpVC.swift in Sources */ = {isa = PBXBuildFile; fileRef = 86DA0C2E23AD898400755B44 /* PopUpVC.swift */; };
		86DA0C7D23AD898400755B44 /* SearchVC.swift in Sources */ = {isa = PBXBuildFile; fileRef = 86DA0C2F23AD898400755B44 /* SearchVC.swift */; };
		86DA0C7E23AD898400755B44 /* SignUpProVC.swift in Sources */ = {isa = PBXBuildFile; fileRef = 86DA0C3023AD898400755B44 /* SignUpProVC.swift */; };
		86DA0C7F23AD898400755B44 /* SignUpVC.swift in Sources */ = {isa = PBXBuildFile; fileRef = 86DA0C3123AD898400755B44 /* SignUpVC.swift */; };
		86DC1A8D23A3CA3500E6DFC6 /* SQLite.framework in Frameworks */ = {isa = PBXBuildFile; fileRef = 86DC1A7F23A3CA2A00E6DFC6 /* SQLite.framework */; };
		86DC1A8E23A3CA3C00E6DFC6 /* SQLite.framework in Frameworks */ = {isa = PBXBuildFile; fileRef = 86DC1A7F23A3CA2A00E6DFC6 /* SQLite.framework */; };
		86DC1A8F23A3CA3C00E6DFC6 /* SQLite.framework in Embed Frameworks */ = {isa = PBXBuildFile; fileRef = 86DC1A7F23A3CA2A00E6DFC6 /* SQLite.framework */; settings = {ATTRIBUTES = (CodeSignOnCopy, RemoveHeadersOnCopy, ); }; };
/* End PBXBuildFile section */

/* Begin PBXContainerItemProxy section */
		86567368238D2E1C00BC38D8 /* PBXContainerItemProxy */ = {
			isa = PBXContainerItemProxy;
			containerPortal = 8656734B238D2E1A00BC38D8 /* Project object */;
			proxyType = 1;
			remoteGlobalIDString = 86567352238D2E1B00BC38D8;
			remoteInfo = DoctoApp;
		};
		86567373238D2E1C00BC38D8 /* PBXContainerItemProxy */ = {
			isa = PBXContainerItemProxy;
			containerPortal = 8656734B238D2E1A00BC38D8 /* Project object */;
			proxyType = 1;
			remoteGlobalIDString = 86567352238D2E1B00BC38D8;
			remoteInfo = DoctoApp;
		};
		86DC1A7E23A3CA2A00E6DFC6 /* PBXContainerItemProxy */ = {
			isa = PBXContainerItemProxy;
			containerPortal = 86DC1A7423A3CA2A00E6DFC6 /* SQLite.xcodeproj */;
			proxyType = 2;
			remoteGlobalIDString = EE247AD31C3F04ED00AE3E12;
			remoteInfo = "SQLite iOS";
		};
		86DC1A8023A3CA2A00E6DFC6 /* PBXContainerItemProxy */ = {
			isa = PBXContainerItemProxy;
			containerPortal = 86DC1A7423A3CA2A00E6DFC6 /* SQLite.xcodeproj */;
			proxyType = 2;
			remoteGlobalIDString = EE247ADD1C3F04ED00AE3E12;
			remoteInfo = "SQLiteTests iOS";
		};
		86DC1A8223A3CA2A00E6DFC6 /* PBXContainerItemProxy */ = {
			isa = PBXContainerItemProxy;
			containerPortal = 86DC1A7423A3CA2A00E6DFC6 /* SQLite.xcodeproj */;
			proxyType = 2;
			remoteGlobalIDString = EE247B3C1C3F3ED000AE3E12;
			remoteInfo = "SQLite Mac";
		};
		86DC1A8423A3CA2A00E6DFC6 /* PBXContainerItemProxy */ = {
			isa = PBXContainerItemProxy;
			containerPortal = 86DC1A7423A3CA2A00E6DFC6 /* SQLite.xcodeproj */;
			proxyType = 2;
			remoteGlobalIDString = EE247B451C3F3ED000AE3E12;
			remoteInfo = "SQLiteTests Mac";
		};
		86DC1A8623A3CA2A00E6DFC6 /* PBXContainerItemProxy */ = {
			isa = PBXContainerItemProxy;
			containerPortal = 86DC1A7423A3CA2A00E6DFC6 /* SQLite.xcodeproj */;
			proxyType = 2;
			remoteGlobalIDString = 03A65E5A1C6BB0F50062603F;
			remoteInfo = "SQLite tvOS";
		};
		86DC1A8823A3CA2A00E6DFC6 /* PBXContainerItemProxy */ = {
			isa = PBXContainerItemProxy;
			containerPortal = 86DC1A7423A3CA2A00E6DFC6 /* SQLite.xcodeproj */;
			proxyType = 2;
			remoteGlobalIDString = 03A65E631C6BB0F60062603F;
			remoteInfo = "SQLiteTests tvOS";
		};
		86DC1A8A23A3CA2A00E6DFC6 /* PBXContainerItemProxy */ = {
			isa = PBXContainerItemProxy;
			containerPortal = 86DC1A7423A3CA2A00E6DFC6 /* SQLite.xcodeproj */;
			proxyType = 2;
			remoteGlobalIDString = A121AC451CA35C79005A31D1;
			remoteInfo = "SQLite watchOS";
		};
		86DC1A9023A3CA3C00E6DFC6 /* PBXContainerItemProxy */ = {
			isa = PBXContainerItemProxy;
			containerPortal = 86DC1A7423A3CA2A00E6DFC6 /* SQLite.xcodeproj */;
			proxyType = 1;
			remoteGlobalIDString = EE247AD21C3F04ED00AE3E12;
			remoteInfo = "SQLite iOS";
		};
/* End PBXContainerItemProxy section */

/* Begin PBXCopyFilesBuildPhase section */
		86DC1A9223A3CA3C00E6DFC6 /* Embed Frameworks */ = {
			isa = PBXCopyFilesBuildPhase;
			buildActionMask = 2147483647;
			dstPath = "";
			dstSubfolderSpec = 10;
			files = (
				86DC1A8F23A3CA3C00E6DFC6 /* SQLite.framework in Embed Frameworks */,
			);
			name = "Embed Frameworks";
			runOnlyForDeploymentPostprocessing = 0;
		};
/* End PBXCopyFilesBuildPhase section */

/* Begin PBXFileReference section */
		86567353238D2E1B00BC38D8 /* DoctoApp.app */ = {isa = PBXFileReference; explicitFileType = wrapper.application; includeInIndex = 0; path = DoctoApp.app; sourceTree = BUILT_PRODUCTS_DIR; };
		86567356238D2E1B00BC38D8 /* AppDelegate.swift */ = {isa = PBXFileReference; lastKnownFileType = sourcecode.swift; path = AppDelegate.swift; sourceTree = "<group>"; };
		8656735B238D2E1B00BC38D8 /* Base */ = {isa = PBXFileReference; lastKnownFileType = file.storyboard; name = Base; path = Base.lproj/Main.storyboard; sourceTree = "<group>"; };
		8656735D238D2E1B00BC38D8 /* Assets.xcassets */ = {isa = PBXFileReference; lastKnownFileType = folder.assetcatalog; path = Assets.xcassets; sourceTree = "<group>"; };
		86567360238D2E1B00BC38D8 /* Base */ = {isa = PBXFileReference; lastKnownFileType = file.storyboard; name = Base; path = Base.lproj/LaunchScreen.storyboard; sourceTree = "<group>"; };
		86567362238D2E1B00BC38D8 /* Info.plist */ = {isa = PBXFileReference; lastKnownFileType = text.plist.xml; path = Info.plist; sourceTree = "<group>"; };
		86567367238D2E1C00BC38D8 /* DoctoAppTests.xctest */ = {isa = PBXFileReference; explicitFileType = wrapper.cfbundle; includeInIndex = 0; path = DoctoAppTests.xctest; sourceTree = BUILT_PRODUCTS_DIR; };
		8656736B238D2E1C00BC38D8 /* DoctoAppTests.swift */ = {isa = PBXFileReference; lastKnownFileType = sourcecode.swift; path = DoctoAppTests.swift; sourceTree = "<group>"; };
		8656736D238D2E1C00BC38D8 /* Info.plist */ = {isa = PBXFileReference; lastKnownFileType = text.plist.xml; path = Info.plist; sourceTree = "<group>"; };
		86567372238D2E1C00BC38D8 /* DoctoAppUITests.xctest */ = {isa = PBXFileReference; explicitFileType = wrapper.cfbundle; includeInIndex = 0; path = DoctoAppUITests.xctest; sourceTree = BUILT_PRODUCTS_DIR; };
		86567376238D2E1C00BC38D8 /* DoctoAppUITests.swift */ = {isa = PBXFileReference; lastKnownFileType = sourcecode.swift; path = DoctoAppUITests.swift; sourceTree = "<group>"; };
		86567378238D2E1C00BC38D8 /* Info.plist */ = {isa = PBXFileReference; lastKnownFileType = text.plist.xml; path = Info.plist; sourceTree = "<group>"; };
		869CC036238D884600EA27C8 /* roboto_regular.ttf */ = {isa = PBXFileReference; lastKnownFileType = file; path = roboto_regular.ttf; sourceTree = "<group>"; };
		869CC037238D884600EA27C8 /* roboto_medium.ttf */ = {isa = PBXFileReference; lastKnownFileType = file; path = roboto_medium.ttf; sourceTree = "<group>"; };
		869CC038238D884600EA27C8 /* roboto_bold.ttf */ = {isa = PBXFileReference; lastKnownFileType = file; path = roboto_bold.ttf; sourceTree = "<group>"; };
		869CC03C238D887E00EA27C8 /* boogaloo.ttf */ = {isa = PBXFileReference; lastKnownFileType = file; path = boogaloo.ttf; sourceTree = "<group>"; };
		86DA0BDC23AD898400755B44 /* Address.swift */ = {isa = PBXFileReference; fileEncoding = 4; lastKnownFileType = sourcecode.swift; path = Address.swift; sourceTree = "<group>"; };
		86DA0BDD23AD898400755B44 /* Availability.swift */ = {isa = PBXFileReference; fileEncoding = 4; lastKnownFileType = sourcecode.swift; path = Availability.swift; sourceTree = "<group>"; };
		86DA0BDE23AD898400755B44 /* Booking.swift */ = {isa = PBXFileReference; fileEncoding = 4; lastKnownFileType = sourcecode.swift; path = Booking.swift; sourceTree = "<group>"; };
		86DA0BDF23AD898400755B44 /* Doctor.swift */ = {isa = PBXFileReference; fileEncoding = 4; lastKnownFileType = sourcecode.swift; path = Doctor.swift; sourceTree = "<group>"; };
		86DA0BE023AD898400755B44 /* Education.swift */ = {isa = PBXFileReference; fileEncoding = 4; lastKnownFileType = sourcecode.swift; path = Education.swift; sourceTree = "<group>"; };
		86DA0BE123AD898400755B44 /* Experience.swift */ = {isa = PBXFileReference; fileEncoding = 4; lastKnownFileType = sourcecode.swift; path = Experience.swift; sourceTree = "<group>"; };
		86DA0BE223AD898400755B44 /* Language.swift */ = {isa = PBXFileReference; fileEncoding = 4; lastKnownFileType = sourcecode.swift; path = Language.swift; sourceTree = "<group>"; };
		86DA0BE323AD898400755B44 /* Patient.swift */ = {isa = PBXFileReference; fileEncoding = 4; lastKnownFileType = sourcecode.swift; path = Patient.swift; sourceTree = "<group>"; };
		86DA0BE423AD898400755B44 /* PaymentOption.swift */ = {isa = PBXFileReference; fileEncoding = 4; lastKnownFileType = sourcecode.swift; path = PaymentOption.swift; sourceTree = "<group>"; };
		86DA0BE523AD898400755B44 /* Reason.swift */ = {isa = PBXFileReference; fileEncoding = 4; lastKnownFileType = sourcecode.swift; path = Reason.swift; sourceTree = "<group>"; };
		86DA0BE623AD898400755B44 /* Resident.swift */ = {isa = PBXFileReference; fileEncoding = 4; lastKnownFileType = sourcecode.swift; path = Resident.swift; sourceTree = "<group>"; };
		86DA0BE823AD898400755B44 /* DateTimeService.swift */ = {isa = PBXFileReference; fileEncoding = 4; lastKnownFileType = sourcecode.swift; path = DateTimeService.swift; sourceTree = "<group>"; };
		86DA0BE923AD898400755B44 /* EncryptionService.swift */ = {isa = PBXFileReference; fileEncoding = 4; lastKnownFileType = sourcecode.swift; path = EncryptionService.swift; sourceTree = "<group>"; };
		86DA0BEA23AD898400755B44 /* ImageService.swift */ = {isa = PBXFileReference; fileEncoding = 4; lastKnownFileType = sourcecode.swift; path = ImageService.swift; sourceTree = "<group>"; };
		86DA0BEB23AD898400755B44 /* StringFormatterService.swift */ = {isa = PBXFileReference; fileEncoding = 4; lastKnownFileType = sourcecode.swift; path = StringFormatterService.swift; sourceTree = "<group>"; };
		86DA0BED23AD898400755B44 /* ErrorCode.swift */ = {isa = PBXFileReference; fileEncoding = 4; lastKnownFileType = sourcecode.swift; path = ErrorCode.swift; sourceTree = "<group>"; };
		86DA0BEF23AD898400755B44 /* AddressDatabaseHelper.swift */ = {isa = PBXFileReference; fileEncoding = 4; lastKnownFileType = sourcecode.swift; path = AddressDatabaseHelper.swift; sourceTree = "<group>"; };
		86DA0BF023AD898400755B44 /* AvailabilityDatabaseHelper.swift */ = {isa = PBXFileReference; fileEncoding = 4; lastKnownFileType = sourcecode.swift; path = AvailabilityDatabaseHelper.swift; sourceTree = "<group>"; };
		86DA0BF123AD898400755B44 /* BookingDatabaseHelper.swift */ = {isa = PBXFileReference; fileEncoding = 4; lastKnownFileType = sourcecode.swift; path = BookingDatabaseHelper.swift; sourceTree = "<group>"; };
		86DA0BF223AD898400755B44 /* DoctoAppDatabaseHelper.swift */ = {isa = PBXFileReference; fileEncoding = 4; lastKnownFileType = sourcecode.swift; path = DoctoAppDatabaseHelper.swift; sourceTree = "<group>"; };
		86DA0BF323AD898400755B44 /* DoctorDatabaseHelper.swift */ = {isa = PBXFileReference; fileEncoding = 4; lastKnownFileType = sourcecode.swift; path = DoctorDatabaseHelper.swift; sourceTree = "<group>"; };
		86DA0BF423AD898400755B44 /* EducationDatabaseHelper.swift */ = {isa = PBXFileReference; fileEncoding = 4; lastKnownFileType = sourcecode.swift; path = EducationDatabaseHelper.swift; sourceTree = "<group>"; };
		86DA0BF523AD898400755B44 /* ExperienceDatabaseHelper.swift */ = {isa = PBXFileReference; fileEncoding = 4; lastKnownFileType = sourcecode.swift; path = ExperienceDatabaseHelper.swift; sourceTree = "<group>"; };
		86DA0BF623AD898400755B44 /* LanguageDatabaseHelper.swift */ = {isa = PBXFileReference; fileEncoding = 4; lastKnownFileType = sourcecode.swift; path = LanguageDatabaseHelper.swift; sourceTree = "<group>"; };
		86DA0BF723AD898400755B44 /* PatientDatabaseHelper.swift */ = {isa = PBXFileReference; fileEncoding = 4; lastKnownFileType = sourcecode.swift; path = PatientDatabaseHelper.swift; sourceTree = "<group>"; };
		86DA0BF823AD898400755B44 /* PaymentOptionDatabaseHelper.swift */ = {isa = PBXFileReference; fileEncoding = 4; lastKnownFileType = sourcecode.swift; path = PaymentOptionDatabaseHelper.swift; sourceTree = "<group>"; };
		86DA0BF923AD898400755B44 /* ReasonDatabaseHelper.swift */ = {isa = PBXFileReference; fileEncoding = 4; lastKnownFileType = sourcecode.swift; path = ReasonDatabaseHelper.swift; sourceTree = "<group>"; };
		86DA0BFB23AD898400755B44 /* BookingDetailsView.swift */ = {isa = PBXFileReference; fileEncoding = 4; lastKnownFileType = sourcecode.swift; path = BookingDetailsView.swift; sourceTree = "<group>"; };
		86DA0BFD23AD898400755B44 /* AvailabilitiesForDayItemCell.swift */ = {isa = PBXFileReference; fileEncoding = 4; lastKnownFileType = sourcecode.swift; path = AvailabilitiesForDayItemCell.swift; sourceTree = "<group>"; };
		86DA0BFE23AD898400755B44 /* AvailabilityItemCell.swift */ = {isa = PBXFileReference; fileEncoding = 4; lastKnownFileType = sourcecode.swift; path = AvailabilityItemCell.swift; sourceTree = "<group>"; };
		86DA0BFF23AD898400755B44 /* BookingActionsItemCell.swift */ = {isa = PBXFileReference; fileEncoding = 4; lastKnownFileType = sourcecode.swift; path = BookingActionsItemCell.swift; sourceTree = "<group>"; };
		86DA0C0023AD898400755B44 /* BookingOneLineElementItemCell.swift */ = {isa = PBXFileReference; fileEncoding = 4; lastKnownFileType = sourcecode.swift; path = BookingOneLineElementItemCell.swift; sourceTree = "<group>"; };
		86DA0C0123AD898400755B44 /* BookingPatientItemCell.swift */ = {isa = PBXFileReference; fileEncoding = 4; lastKnownFileType = sourcecode.swift; path = BookingPatientItemCell.swift; sourceTree = "<group>"; };
		86DA0C0223AD898400755B44 /* BookingPreviewHeaderItemCell.swift */ = {isa = PBXFileReference; fileEncoding = 4; lastKnownFileType = sourcecode.swift; path = BookingPreviewHeaderItemCell.swift; sourceTree = "<group>"; };
		86DA0C0323AD898400755B44 /* BookingPreviewItemCell.swift */ = {isa = PBXFileReference; fileEncoding = 4; lastKnownFileType = sourcecode.swift; path = BookingPreviewItemCell.swift; sourceTree = "<group>"; };
		86DA0C0423AD898400755B44 /* BookingTwoLinesElementItemCell.swift */ = {isa = PBXFileReference; fileEncoding = 4; lastKnownFileType = sourcecode.swift; path = BookingTwoLinesElementItemCell.swift; sourceTree = "<group>"; };
		86DA0C0523AD898400755B44 /* DoctorMainDataItemCell.swift */ = {isa = PBXFileReference; fileEncoding = 4; lastKnownFileType = sourcecode.swift; path = DoctorMainDataItemCell.swift; sourceTree = "<group>"; };
		86DA0C0623AD898400755B44 /* DoctorPreviewItemCell.swift */ = {isa = PBXFileReference; fileEncoding = 4; lastKnownFileType = sourcecode.swift; path = DoctorPreviewItemCell.swift; sourceTree = "<group>"; };
		86DA0C0723AD898400755B44 /* DoctorSecondaryDataItemCell.swift */ = {isa = PBXFileReference; fileEncoding = 4; lastKnownFileType = sourcecode.swift; path = DoctorSecondaryDataItemCell.swift; sourceTree = "<group>"; };
		86DA0C0823AD898400755B44 /* ReasonItemCell.swift */ = {isa = PBXFileReference; fileEncoding = 4; lastKnownFileType = sourcecode.swift; path = ReasonItemCell.swift; sourceTree = "<group>"; };
		86DA0C0923AD898400755B44 /* SignUpProOneColumnElementItemCell.swift */ = {isa = PBXFileReference; fileEncoding = 4; lastKnownFileType = sourcecode.swift; path = SignUpProOneColumnElementItemCell.swift; sourceTree = "<group>"; };
		86DA0C0A23AD898400755B44 /* SignUpProTwoColumnsElementItemCell.swift */ = {isa = PBXFileReference; fileEncoding = 4; lastKnownFileType = sourcecode.swift; path = SignUpProTwoColumnsElementItemCell.swift; sourceTree = "<group>"; };
		86DA0C0B23AD898400755B44 /* FeedbackMessageView.swift */ = {isa = PBXFileReference; fileEncoding = 4; lastKnownFileType = sourcecode.swift; path = FeedbackMessageView.swift; sourceTree = "<group>"; };
		86DA0C0C23AD898400755B44 /* HeaderDashboardSubtitleView.swift */ = {isa = PBXFileReference; fileEncoding = 4; lastKnownFileType = sourcecode.swift; path = HeaderDashboardSubtitleView.swift; sourceTree = "<group>"; };
		86DA0C0D23AD898400755B44 /* HeaderDashboardView.swift */ = {isa = PBXFileReference; fileEncoding = 4; lastKnownFileType = sourcecode.swift; path = HeaderDashboardView.swift; sourceTree = "<group>"; };
		86DA0C0E23AD898400755B44 /* HeaderSubtitleView.swift */ = {isa = PBXFileReference; fileEncoding = 4; lastKnownFileType = sourcecode.swift; path = HeaderSubtitleView.swift; sourceTree = "<group>"; };
		86DA0C0F23AD898400755B44 /* HeaderView.swift */ = {isa = PBXFileReference; fileEncoding = 4; lastKnownFileType = sourcecode.swift; path = HeaderView.swift; sourceTree = "<group>"; };
		86DA0C1123AD898400755B44 /* AvailabilitiesForDayItemCell.xib */ = {isa = PBXFileReference; fileEncoding = 4; lastKnownFileType = file.xib; path = AvailabilitiesForDayItemCell.xib; sourceTree = "<group>"; };
		86DA0C1223AD898400755B44 /* AvailabilityItemCell.xib */ = {isa = PBXFileReference; fileEncoding = 4; lastKnownFileType = file.xib; path = AvailabilityItemCell.xib; sourceTree = "<group>"; };
		86DA0C1323AD898400755B44 /* BookingActionsItemCell.xib */ = {isa = PBXFileReference; fileEncoding = 4; lastKnownFileType = file.xib; path = BookingActionsItemCell.xib; sourceTree = "<group>"; };
		86DA0C1423AD898400755B44 /* BookingDetailsView.xib */ = {isa = PBXFileReference; fileEncoding = 4; lastKnownFileType = file.xib; path = BookingDetailsView.xib; sourceTree = "<group>"; };
		86DA0C1523AD898400755B44 /* BookingOneLineElementItemCell.xib */ = {isa = PBXFileReference; fileEncoding = 4; lastKnownFileType = file.xib; path = BookingOneLineElementItemCell.xib; sourceTree = "<group>"; };
		86DA0C1623AD898400755B44 /* BookingPreviewHeaderItemCell.xib */ = {isa = PBXFileReference; fileEncoding = 4; lastKnownFileType = file.xib; path = BookingPreviewHeaderItemCell.xib; sourceTree = "<group>"; };
		86DA0C1723AD898400755B44 /* BookingPreviewItemCell.xib */ = {isa = PBXFileReference; fileEncoding = 4; lastKnownFileType = file.xib; path = BookingPreviewItemCell.xib; sourceTree = "<group>"; };
		86DA0C1823AD898400755B44 /* BookingTwoLinesElementItemCell.xib */ = {isa = PBXFileReference; fileEncoding = 4; lastKnownFileType = file.xib; path = BookingTwoLinesElementItemCell.xib; sourceTree = "<group>"; };
		86DA0C1923AD898400755B44 /* DoctorMainDataItemCell.xib */ = {isa = PBXFileReference; fileEncoding = 4; lastKnownFileType = file.xib; path = DoctorMainDataItemCell.xib; sourceTree = "<group>"; };
		86DA0C1A23AD898400755B44 /* DoctorPreviewItemCell.xib */ = {isa = PBXFileReference; fileEncoding = 4; lastKnownFileType = file.xib; path = DoctorPreviewItemCell.xib; sourceTree = "<group>"; };
		86DA0C1B23AD898400755B44 /* DoctorSecondaryDataItemCell.xib */ = {isa = PBXFileReference; fileEncoding = 4; lastKnownFileType = file.xib; path = DoctorSecondaryDataItemCell.xib; sourceTree = "<group>"; };
		86DA0C1C23AD898400755B44 /* FeedbackMessage.xib */ = {isa = PBXFileReference; fileEncoding = 4; lastKnownFileType = file.xib; path = FeedbackMessage.xib; sourceTree = "<group>"; };
		86DA0C1D23AD898400755B44 /* Header.xib */ = {isa = PBXFileReference; fileEncoding = 4; lastKnownFileType = file.xib; path = Header.xib; sourceTree = "<group>"; };
		86DA0C1E23AD898400755B44 /* HeaderDashboard.xib */ = {isa = PBXFileReference; fileEncoding = 4; lastKnownFileType = file.xib; path = HeaderDashboard.xib; sourceTree = "<group>"; };
		86DA0C1F23AD898400755B44 /* HeaderDashboardSubtitle.xib */ = {isa = PBXFileReference; fileEncoding = 4; lastKnownFileType = file.xib; path = HeaderDashboardSubtitle.xib; sourceTree = "<group>"; };
		86DA0C2023AD898400755B44 /* HeaderSubtitle.xib */ = {isa = PBXFileReference; fileEncoding = 4; lastKnownFileType = file.xib; path = HeaderSubtitle.xib; sourceTree = "<group>"; };
		86DA0C2223AD898400755B44 /* Colors.swift */ = {isa = PBXFileReference; fileEncoding = 4; lastKnownFileType = sourcecode.swift; path = Colors.swift; sourceTree = "<group>"; };
		86DA0C2323AD898400755B44 /* Strings.swift */ = {isa = PBXFileReference; fileEncoding = 4; lastKnownFileType = sourcecode.swift; path = Strings.swift; sourceTree = "<group>"; };
		86DA0C2523AD898400755B44 /* ChooseAvailabilityVC.swift */ = {isa = PBXFileReference; fileEncoding = 4; lastKnownFileType = sourcecode.swift; path = ChooseAvailabilityVC.swift; sourceTree = "<group>"; };
		86DA0C2623AD898400755B44 /* ChooseReasonVC.swift */ = {isa = PBXFileReference; fileEncoding = 4; lastKnownFileType = sourcecode.swift; path = ChooseReasonVC.swift; sourceTree = "<group>"; };
		86DA0C2723AD898400755B44 /* ConfirmBookingVC.swift */ = {isa = PBXFileReference; fileEncoding = 4; lastKnownFileType = sourcecode.swift; path = ConfirmBookingVC.swift; sourceTree = "<group>"; };
		86DA0C2823AD898400755B44 /* DoctorProfileVC.swift */ = {isa = PBXFileReference; fileEncoding = 4; lastKnownFileType = sourcecode.swift; path = DoctorProfileVC.swift; sourceTree = "<group>"; };
		86DA0C2923AD898400755B44 /* ForgotPasswordVC.swift */ = {isa = PBXFileReference; fileEncoding = 4; lastKnownFileType = sourcecode.swift; path = ForgotPasswordVC.swift; sourceTree = "<group>"; };
		86DA0C2A23AD898400755B44 /* HomeVC.swift */ = {isa = PBXFileReference; fileEncoding = 4; lastKnownFileType = sourcecode.swift; path = HomeVC.swift; sourceTree = "<group>"; };
		86DA0C2B23AD898400755B44 /* LoginVC.swift */ = {isa = PBXFileReference; fileEncoding = 4; lastKnownFileType = sourcecode.swift; path = LoginVC.swift; sourceTree = "<group>"; };
		86DA0C2C23AD898400755B44 /* MyBookingDetailsVC.swift */ = {isa = PBXFileReference; fileEncoding = 4; lastKnownFileType = sourcecode.swift; path = MyBookingDetailsVC.swift; sourceTree = "<group>"; };
		86DA0C2D23AD898400755B44 /* MyBookingsVC.swift */ = {isa = PBXFileReference; fileEncoding = 4; lastKnownFileType = sourcecode.swift; path = MyBookingsVC.swift; sourceTree = "<group>"; };
		86DA0C2E23AD898400755B44 /* PopUpVC.swift */ = {isa = PBXFileReference; fileEncoding = 4; lastKnownFileType = sourcecode.swift; path = PopUpVC.swift; sourceTree = "<group>"; };
		86DA0C2F23AD898400755B44 /* SearchVC.swift */ = {isa = PBXFileReference; fileEncoding = 4; lastKnownFileType = sourcecode.swift; path = SearchVC.swift; sourceTree = "<group>"; };
		86DA0C3023AD898400755B44 /* SignUpProVC.swift */ = {isa = PBXFileReference; fileEncoding = 4; lastKnownFileType = sourcecode.swift; path = SignUpProVC.swift; sourceTree = "<group>"; };
		86DA0C3123AD898400755B44 /* SignUpVC.swift */ = {isa = PBXFileReference; fileEncoding = 4; lastKnownFileType = sourcecode.swift; path = SignUpVC.swift; sourceTree = "<group>"; };
		86DC1A7423A3CA2A00E6DFC6 /* SQLite.xcodeproj */ = {isa = PBXFileReference; lastKnownFileType = "wrapper.pb-project"; name = SQLite.xcodeproj; path = DoctoApp/Frameworks/SQLite/SQLite.xcodeproj; sourceTree = "<group>"; };
/* End PBXFileReference section */

/* Begin PBXFrameworksBuildPhase section */
		86567350238D2E1B00BC38D8 /* Frameworks */ = {
			isa = PBXFrameworksBuildPhase;
			buildActionMask = 2147483647;
			files = (
				86DC1A8E23A3CA3C00E6DFC6 /* SQLite.framework in Frameworks */,
				86DC1A8D23A3CA3500E6DFC6 /* SQLite.framework in Frameworks */,
			);
			runOnlyForDeploymentPostprocessing = 0;
		};
		86567364238D2E1C00BC38D8 /* Frameworks */ = {
			isa = PBXFrameworksBuildPhase;
			buildActionMask = 2147483647;
			files = (
			);
			runOnlyForDeploymentPostprocessing = 0;
		};
		8656736F238D2E1C00BC38D8 /* Frameworks */ = {
			isa = PBXFrameworksBuildPhase;
			buildActionMask = 2147483647;
			files = (
			);
			runOnlyForDeploymentPostprocessing = 0;
		};
/* End PBXFrameworksBuildPhase section */

/* Begin PBXGroup section */
		8656734A238D2E1A00BC38D8 = {
			isa = PBXGroup;
			children = (
				86DC1A7423A3CA2A00E6DFC6 /* SQLite.xcodeproj */,
				86567355238D2E1B00BC38D8 /* DoctoApp */,
				8656736A238D2E1C00BC38D8 /* DoctoAppTests */,
				86567375238D2E1C00BC38D8 /* DoctoAppUITests */,
				86567354238D2E1B00BC38D8 /* Products */,
				86DC1A8C23A3CA3500E6DFC6 /* Frameworks */,
			);
			sourceTree = "<group>";
		};
		86567354238D2E1B00BC38D8 /* Products */ = {
			isa = PBXGroup;
			children = (
				86567353238D2E1B00BC38D8 /* DoctoApp.app */,
				86567367238D2E1C00BC38D8 /* DoctoAppTests.xctest */,
				86567372238D2E1C00BC38D8 /* DoctoAppUITests.xctest */,
			);
			name = Products;
			sourceTree = "<group>";
		};
		86567355238D2E1B00BC38D8 /* DoctoApp */ = {
			isa = PBXGroup;
			children = (
				86DA0BEC23AD898400755B44 /* Codes */,
				86DA0C2123AD898400755B44 /* Constants */,
				86DA0C2423AD898400755B44 /* Controllers */,
				86DA0BEE23AD898400755B44 /* DatabaseHelpers */,
				86DA0BDB23AD898400755B44 /* Models */,
				86DA0BE723AD898400755B44 /* Services */,
				86DA0BFA23AD898400755B44 /* Views */,
				869CC031238D81AB00EA27C8 /* Fonts */,
				86567356238D2E1B00BC38D8 /* AppDelegate.swift */,
				8656735A238D2E1B00BC38D8 /* Main.storyboard */,
				8656735D238D2E1B00BC38D8 /* Assets.xcassets */,
				8656735F238D2E1B00BC38D8 /* LaunchScreen.storyboard */,
				86567362238D2E1B00BC38D8 /* Info.plist */,
			);
			path = DoctoApp;
			sourceTree = "<group>";
		};
		8656736A238D2E1C00BC38D8 /* DoctoAppTests */ = {
			isa = PBXGroup;
			children = (
				8656736B238D2E1C00BC38D8 /* DoctoAppTests.swift */,
				8656736D238D2E1C00BC38D8 /* Info.plist */,
			);
			path = DoctoAppTests;
			sourceTree = "<group>";
		};
		86567375238D2E1C00BC38D8 /* DoctoAppUITests */ = {
			isa = PBXGroup;
			children = (
				86567376238D2E1C00BC38D8 /* DoctoAppUITests.swift */,
				86567378238D2E1C00BC38D8 /* Info.plist */,
			);
			path = DoctoAppUITests;
			sourceTree = "<group>";
		};
		869CC031238D81AB00EA27C8 /* Fonts */ = {
			isa = PBXGroup;
			children = (
				869CC03C238D887E00EA27C8 /* boogaloo.ttf */,
				869CC038238D884600EA27C8 /* roboto_bold.ttf */,
				869CC037238D884600EA27C8 /* roboto_medium.ttf */,
				869CC036238D884600EA27C8 /* roboto_regular.ttf */,
			);
			path = Fonts;
			sourceTree = "<group>";
		};
		86DA0BDB23AD898400755B44 /* Models */ = {
			isa = PBXGroup;
			children = (
				86DA0BDC23AD898400755B44 /* Address.swift */,
				86DA0BDD23AD898400755B44 /* Availability.swift */,
				86DA0BDE23AD898400755B44 /* Booking.swift */,
				86DA0BDF23AD898400755B44 /* Doctor.swift */,
				86DA0BE023AD898400755B44 /* Education.swift */,
				86DA0BE123AD898400755B44 /* Experience.swift */,
				86DA0BE223AD898400755B44 /* Language.swift */,
				86DA0BE323AD898400755B44 /* Patient.swift */,
				86DA0BE423AD898400755B44 /* PaymentOption.swift */,
				86DA0BE523AD898400755B44 /* Reason.swift */,
				86DA0BE623AD898400755B44 /* Resident.swift */,
			);
			path = Models;
			sourceTree = "<group>";
		};
		86DA0BE723AD898400755B44 /* Services */ = {
			isa = PBXGroup;
			children = (
				86DA0BE823AD898400755B44 /* DateTimeService.swift */,
				86DA0BE923AD898400755B44 /* EncryptionService.swift */,
				86DA0BEA23AD898400755B44 /* ImageService.swift */,
				86DA0BEB23AD898400755B44 /* StringFormatterService.swift */,
			);
			path = Services;
			sourceTree = "<group>";
		};
		86DA0BEC23AD898400755B44 /* Codes */ = {
			isa = PBXGroup;
			children = (
				86DA0BED23AD898400755B44 /* ErrorCode.swift */,
			);
			path = Codes;
			sourceTree = "<group>";
		};
		86DA0BEE23AD898400755B44 /* DatabaseHelpers */ = {
			isa = PBXGroup;
			children = (
				86DA0BEF23AD898400755B44 /* AddressDatabaseHelper.swift */,
				86DA0BF023AD898400755B44 /* AvailabilityDatabaseHelper.swift */,
				86DA0BF123AD898400755B44 /* BookingDatabaseHelper.swift */,
				86DA0BF223AD898400755B44 /* DoctoAppDatabaseHelper.swift */,
				86DA0BF323AD898400755B44 /* DoctorDatabaseHelper.swift */,
				86DA0BF423AD898400755B44 /* EducationDatabaseHelper.swift */,
				86DA0BF523AD898400755B44 /* ExperienceDatabaseHelper.swift */,
				86DA0BF623AD898400755B44 /* LanguageDatabaseHelper.swift */,
				86DA0BF723AD898400755B44 /* PatientDatabaseHelper.swift */,
				86DA0BF823AD898400755B44 /* PaymentOptionDatabaseHelper.swift */,
				86DA0BF923AD898400755B44 /* ReasonDatabaseHelper.swift */,
			);
			path = DatabaseHelpers;
			sourceTree = "<group>";
		};
		86DA0BFA23AD898400755B44 /* Views */ = {
			isa = PBXGroup;
			children = (
				86DA0BFB23AD898400755B44 /* BookingDetailsView.swift */,
				86DA0BFC23AD898400755B44 /* CustomCells */,
				86DA0C0B23AD898400755B44 /* FeedbackMessageView.swift */,
				86DA0C0C23AD898400755B44 /* HeaderDashboardSubtitleView.swift */,
				86DA0C0D23AD898400755B44 /* HeaderDashboardView.swift */,
				86DA0C0E23AD898400755B44 /* HeaderSubtitleView.swift */,
				86DA0C0F23AD898400755B44 /* HeaderView.swift */,
				86DA0C1023AD898400755B44 /* XIB */,
			);
			path = Views;
			sourceTree = "<group>";
		};
		86DA0BFC23AD898400755B44 /* CustomCells */ = {
			isa = PBXGroup;
			children = (
				86DA0BFD23AD898400755B44 /* AvailabilitiesForDayItemCell.swift */,
				86DA0BFE23AD898400755B44 /* AvailabilityItemCell.swift */,
				86DA0BFF23AD898400755B44 /* BookingActionsItemCell.swift */,
				86DA0C0023AD898400755B44 /* BookingOneLineElementItemCell.swift */,
				86DA0C0123AD898400755B44 /* BookingPatientItemCell.swift */,
				86DA0C0223AD898400755B44 /* BookingPreviewHeaderItemCell.swift */,
				86DA0C0323AD898400755B44 /* BookingPreviewItemCell.swift */,
				86DA0C0423AD898400755B44 /* BookingTwoLinesElementItemCell.swift */,
				86DA0C0523AD898400755B44 /* DoctorMainDataItemCell.swift */,
				86DA0C0623AD898400755B44 /* DoctorPreviewItemCell.swift */,
				86DA0C0723AD898400755B44 /* DoctorSecondaryDataItemCell.swift */,
				86DA0C0823AD898400755B44 /* ReasonItemCell.swift */,
				86DA0C0923AD898400755B44 /* SignUpProOneColumnElementItemCell.swift */,
				86DA0C0A23AD898400755B44 /* SignUpProTwoColumnsElementItemCell.swift */,
			);
			path = CustomCells;
			sourceTree = "<group>";
		};
		86DA0C1023AD898400755B44 /* XIB */ = {
			isa = PBXGroup;
			children = (
				86DA0C1123AD898400755B44 /* AvailabilitiesForDayItemCell.xib */,
				86DA0C1223AD898400755B44 /* AvailabilityItemCell.xib */,
				86DA0C1323AD898400755B44 /* BookingActionsItemCell.xib */,
				86DA0C1423AD898400755B44 /* BookingDetailsView.xib */,
				86DA0C1523AD898400755B44 /* BookingOneLineElementItemCell.xib */,
				86DA0C1623AD898400755B44 /* BookingPreviewHeaderItemCell.xib */,
				86DA0C1723AD898400755B44 /* BookingPreviewItemCell.xib */,
				86DA0C1823AD898400755B44 /* BookingTwoLinesElementItemCell.xib */,
				86DA0C1923AD898400755B44 /* DoctorMainDataItemCell.xib */,
				86DA0C1A23AD898400755B44 /* DoctorPreviewItemCell.xib */,
				86DA0C1B23AD898400755B44 /* DoctorSecondaryDataItemCell.xib */,
				86DA0C1C23AD898400755B44 /* FeedbackMessage.xib */,
				86DA0C1D23AD898400755B44 /* Header.xib */,
				86DA0C1E23AD898400755B44 /* HeaderDashboard.xib */,
				86DA0C1F23AD898400755B44 /* HeaderDashboardSubtitle.xib */,
				86DA0C2023AD898400755B44 /* HeaderSubtitle.xib */,
			);
			path = XIB;
			sourceTree = "<group>";
		};
		86DA0C2123AD898400755B44 /* Constants */ = {
			isa = PBXGroup;
			children = (
				86DA0C2223AD898400755B44 /* Colors.swift */,
				86DA0C2323AD898400755B44 /* Strings.swift */,
			);
			path = Constants;
			sourceTree = "<group>";
		};
		86DA0C2423AD898400755B44 /* Controllers */ = {
			isa = PBXGroup;
			children = (
				86DA0C2523AD898400755B44 /* ChooseAvailabilityVC.swift */,
				86DA0C2623AD898400755B44 /* ChooseReasonVC.swift */,
				86DA0C2723AD898400755B44 /* ConfirmBookingVC.swift */,
				86DA0C2823AD898400755B44 /* DoctorProfileVC.swift */,
				86DA0C2923AD898400755B44 /* ForgotPasswordVC.swift */,
				86DA0C2A23AD898400755B44 /* HomeVC.swift */,
				86DA0C2B23AD898400755B44 /* LoginVC.swift */,
				86DA0C2C23AD898400755B44 /* MyBookingDetailsVC.swift */,
				86DA0C2D23AD898400755B44 /* MyBookingsVC.swift */,
				86DA0C2E23AD898400755B44 /* PopUpVC.swift */,
				86DA0C2F23AD898400755B44 /* SearchVC.swift */,
				86DA0C3023AD898400755B44 /* SignUpProVC.swift */,
				86DA0C3123AD898400755B44 /* SignUpVC.swift */,
			);
			path = Controllers;
			sourceTree = "<group>";
		};
		86DC1A7523A3CA2A00E6DFC6 /* Products */ = {
			isa = PBXGroup;
			children = (
				86DC1A7F23A3CA2A00E6DFC6 /* SQLite.framework */,
				86DC1A8123A3CA2A00E6DFC6 /* SQLiteTests iOS.xctest */,
				86DC1A8323A3CA2A00E6DFC6 /* SQLite.framework */,
				86DC1A8523A3CA2A00E6DFC6 /* SQLiteTests Mac.xctest */,
				86DC1A8723A3CA2A00E6DFC6 /* SQLite.framework */,
				86DC1A8923A3CA2A00E6DFC6 /* SQLiteTests tvOS.xctest */,
				86DC1A8B23A3CA2A00E6DFC6 /* SQLite.framework */,
			);
			name = Products;
			sourceTree = "<group>";
		};
		86DC1A8C23A3CA3500E6DFC6 /* Frameworks */ = {
			isa = PBXGroup;
			children = (
			);
			name = Frameworks;
			sourceTree = "<group>";
		};
/* End PBXGroup section */

/* Begin PBXNativeTarget section */
		86567352238D2E1B00BC38D8 /* DoctoApp */ = {
			isa = PBXNativeTarget;
			buildConfigurationList = 8656737B238D2E1C00BC38D8 /* Build configuration list for PBXNativeTarget "DoctoApp" */;
			buildPhases = (
				8656734F238D2E1B00BC38D8 /* Sources */,
				86567350238D2E1B00BC38D8 /* Frameworks */,
				86567351238D2E1B00BC38D8 /* Resources */,
				86DC1A9223A3CA3C00E6DFC6 /* Embed Frameworks */,
			);
			buildRules = (
			);
			dependencies = (
				86DC1A9123A3CA3C00E6DFC6 /* PBXTargetDependency */,
			);
			name = DoctoApp;
			productName = DoctoApp;
			productReference = 86567353238D2E1B00BC38D8 /* DoctoApp.app */;
			productType = "com.apple.product-type.application";
		};
		86567366238D2E1C00BC38D8 /* DoctoAppTests */ = {
			isa = PBXNativeTarget;
			buildConfigurationList = 8656737E238D2E1C00BC38D8 /* Build configuration list for PBXNativeTarget "DoctoAppTests" */;
			buildPhases = (
				86567363238D2E1C00BC38D8 /* Sources */,
				86567364238D2E1C00BC38D8 /* Frameworks */,
				86567365238D2E1C00BC38D8 /* Resources */,
			);
			buildRules = (
			);
			dependencies = (
				86567369238D2E1C00BC38D8 /* PBXTargetDependency */,
			);
			name = DoctoAppTests;
			productName = DoctoAppTests;
			productReference = 86567367238D2E1C00BC38D8 /* DoctoAppTests.xctest */;
			productType = "com.apple.product-type.bundle.unit-test";
		};
		86567371238D2E1C00BC38D8 /* DoctoAppUITests */ = {
			isa = PBXNativeTarget;
			buildConfigurationList = 86567381238D2E1C00BC38D8 /* Build configuration list for PBXNativeTarget "DoctoAppUITests" */;
			buildPhases = (
				8656736E238D2E1C00BC38D8 /* Sources */,
				8656736F238D2E1C00BC38D8 /* Frameworks */,
				86567370238D2E1C00BC38D8 /* Resources */,
			);
			buildRules = (
			);
			dependencies = (
				86567374238D2E1C00BC38D8 /* PBXTargetDependency */,
			);
			name = DoctoAppUITests;
			productName = DoctoAppUITests;
			productReference = 86567372238D2E1C00BC38D8 /* DoctoAppUITests.xctest */;
			productType = "com.apple.product-type.bundle.ui-testing";
		};
/* End PBXNativeTarget section */

/* Begin PBXProject section */
		8656734B238D2E1A00BC38D8 /* Project object */ = {
			isa = PBXProject;
			attributes = {
				LastSwiftUpdateCheck = 1010;
				LastUpgradeCheck = 1010;
				ORGANIZATIONNAME = DoctoAppLavCop;
				TargetAttributes = {
					86567352238D2E1B00BC38D8 = {
						CreatedOnToolsVersion = 10.1;
					};
					86567366238D2E1C00BC38D8 = {
						CreatedOnToolsVersion = 10.1;
						TestTargetID = 86567352238D2E1B00BC38D8;
					};
					86567371238D2E1C00BC38D8 = {
						CreatedOnToolsVersion = 10.1;
						TestTargetID = 86567352238D2E1B00BC38D8;
					};
				};
			};
			buildConfigurationList = 8656734E238D2E1A00BC38D8 /* Build configuration list for PBXProject "DoctoApp" */;
			compatibilityVersion = "Xcode 9.3";
			developmentRegion = en;
			hasScannedForEncodings = 0;
			knownRegions = (
				en,
				Base,
			);
			mainGroup = 8656734A238D2E1A00BC38D8;
			productRefGroup = 86567354238D2E1B00BC38D8 /* Products */;
			projectDirPath = "";
			projectReferences = (
				{
					ProductGroup = 86DC1A7523A3CA2A00E6DFC6 /* Products */;
					ProjectRef = 86DC1A7423A3CA2A00E6DFC6 /* SQLite.xcodeproj */;
				},
			);
			projectRoot = "";
			targets = (
				86567352238D2E1B00BC38D8 /* DoctoApp */,
				86567366238D2E1C00BC38D8 /* DoctoAppTests */,
				86567371238D2E1C00BC38D8 /* DoctoAppUITests */,
			);
		};
/* End PBXProject section */

/* Begin PBXReferenceProxy section */
		86DC1A7F23A3CA2A00E6DFC6 /* SQLite.framework */ = {
			isa = PBXReferenceProxy;
			fileType = wrapper.framework;
			path = SQLite.framework;
			remoteRef = 86DC1A7E23A3CA2A00E6DFC6 /* PBXContainerItemProxy */;
			sourceTree = BUILT_PRODUCTS_DIR;
		};
		86DC1A8123A3CA2A00E6DFC6 /* SQLiteTests iOS.xctest */ = {
			isa = PBXReferenceProxy;
			fileType = wrapper.cfbundle;
			path = "SQLiteTests iOS.xctest";
			remoteRef = 86DC1A8023A3CA2A00E6DFC6 /* PBXContainerItemProxy */;
			sourceTree = BUILT_PRODUCTS_DIR;
		};
		86DC1A8323A3CA2A00E6DFC6 /* SQLite.framework */ = {
			isa = PBXReferenceProxy;
			fileType = wrapper.framework;
			path = SQLite.framework;
			remoteRef = 86DC1A8223A3CA2A00E6DFC6 /* PBXContainerItemProxy */;
			sourceTree = BUILT_PRODUCTS_DIR;
		};
		86DC1A8523A3CA2A00E6DFC6 /* SQLiteTests Mac.xctest */ = {
			isa = PBXReferenceProxy;
			fileType = wrapper.cfbundle;
			path = "SQLiteTests Mac.xctest";
			remoteRef = 86DC1A8423A3CA2A00E6DFC6 /* PBXContainerItemProxy */;
			sourceTree = BUILT_PRODUCTS_DIR;
		};
		86DC1A8723A3CA2A00E6DFC6 /* SQLite.framework */ = {
			isa = PBXReferenceProxy;
			fileType = wrapper.framework;
			path = SQLite.framework;
			remoteRef = 86DC1A8623A3CA2A00E6DFC6 /* PBXContainerItemProxy */;
			sourceTree = BUILT_PRODUCTS_DIR;
		};
		86DC1A8923A3CA2A00E6DFC6 /* SQLiteTests tvOS.xctest */ = {
			isa = PBXReferenceProxy;
			fileType = wrapper.cfbundle;
			path = "SQLiteTests tvOS.xctest";
			remoteRef = 86DC1A8823A3CA2A00E6DFC6 /* PBXContainerItemProxy */;
			sourceTree = BUILT_PRODUCTS_DIR;
		};
		86DC1A8B23A3CA2A00E6DFC6 /* SQLite.framework */ = {
			isa = PBXReferenceProxy;
			fileType = wrapper.framework;
			path = SQLite.framework;
			remoteRef = 86DC1A8A23A3CA2A00E6DFC6 /* PBXContainerItemProxy */;
			sourceTree = BUILT_PRODUCTS_DIR;
		};
/* End PBXReferenceProxy section */

/* Begin PBXResourcesBuildPhase section */
		86567351238D2E1B00BC38D8 /* Resources */ = {
			isa = PBXResourcesBuildPhase;
			buildActionMask = 2147483647;
			files = (
				86DA0C6123AD898400755B44 /* AvailabilitiesForDayItemCell.xib in Resources */,
				86DA0C6223AD898400755B44 /* AvailabilityItemCell.xib in Resources */,
				86DA0C6523AD898400755B44 /* BookingOneLineElementItemCell.xib in Resources */,
				869CC039238D884600EA27C8 /* roboto_regular.ttf in Resources */,
				86DA0C6923AD898400755B44 /* DoctorMainDataItemCell.xib in Resources */,
				86DA0C6823AD898400755B44 /* BookingTwoLinesElementItemCell.xib in Resources */,
				86DA0C6B23AD898400755B44 /* DoctorSecondaryDataItemCell.xib in Resources */,
				86DA0C6423AD898400755B44 /* BookingDetailsView.xib in Resources */,
				86DA0C6C23AD898400755B44 /* FeedbackMessage.xib in Resources */,
				86DA0C6A23AD898400755B44 /* DoctorPreviewItemCell.xib in Resources */,
				86567361238D2E1B00BC38D8 /* LaunchScreen.storyboard in Resources */,
				86DA0C6E23AD898400755B44 /* HeaderDashboard.xib in Resources */,
				869CC03D238D887F00EA27C8 /* boogaloo.ttf in Resources */,
				869CC03B238D884600EA27C8 /* roboto_bold.ttf in Resources */,
				86DA0C7023AD898400755B44 /* HeaderSubtitle.xib in Resources */,
				86DA0C6323AD898400755B44 /* BookingActionsItemCell.xib in Resources */,
				869CC03A238D884600EA27C8 /* roboto_medium.ttf in Resources */,
				8656735E238D2E1B00BC38D8 /* Assets.xcassets in Resources */,
				86DA0C6D23AD898400755B44 /* Header.xib in Resources */,
				86DA0C6723AD898400755B44 /* BookingPreviewItemCell.xib in Resources */,
				86DA0C6F23AD898400755B44 /* HeaderDashboardSubtitle.xib in Resources */,
				8656735C238D2E1B00BC38D8 /* Main.storyboard in Resources */,
				86DA0C6623AD898400755B44 /* BookingPreviewHeaderItemCell.xib in Resources */,
			);
			runOnlyForDeploymentPostprocessing = 0;
		};
		86567365238D2E1C00BC38D8 /* Resources */ = {
			isa = PBXResourcesBuildPhase;
			buildActionMask = 2147483647;
			files = (
			);
			runOnlyForDeploymentPostprocessing = 0;
		};
		86567370238D2E1C00BC38D8 /* Resources */ = {
			isa = PBXResourcesBuildPhase;
			buildActionMask = 2147483647;
			files = (
			);
			runOnlyForDeploymentPostprocessing = 0;
		};
/* End PBXResourcesBuildPhase section */

/* Begin PBXSourcesBuildPhase section */
		8656734F238D2E1B00BC38D8 /* Sources */ = {
			isa = PBXSourcesBuildPhase;
			buildActionMask = 2147483647;
			files = (
				86DA0C5023AD898400755B44 /* BookingActionsItemCell.swift in Sources */,
				86DA0C7823AD898400755B44 /* HomeVC.swift in Sources */,
				86DA0C5423AD898400755B44 /* BookingPreviewItemCell.swift in Sources */,
				86DA0C5E23AD898400755B44 /* HeaderDashboardView.swift in Sources */,
				86DA0C3323AD898400755B44 /* Availability.swift in Sources */,
				86DA0C4723AD898400755B44 /* EducationDatabaseHelper.swift in Sources */,
				86DA0C5A23AD898400755B44 /* SignUpProOneColumnElementItemCell.swift in Sources */,
				86DA0C5C23AD898400755B44 /* FeedbackMessageView.swift in Sources */,
				86DA0C4523AD898400755B44 /* DoctoAppDatabaseHelper.swift in Sources */,
				86DA0C5223AD898400755B44 /* BookingPatientItemCell.swift in Sources */,
				86DA0C3A23AD898400755B44 /* PaymentOption.swift in Sources */,
				86DA0C3523AD898400755B44 /* Doctor.swift in Sources */,
				86DA0C5823AD898400755B44 /* DoctorSecondaryDataItemCell.swift in Sources */,
				86DA0C5F23AD898400755B44 /* HeaderSubtitleView.swift in Sources */,
				86DA0C7523AD898400755B44 /* ConfirmBookingVC.swift in Sources */,
				86DA0C7723AD898400755B44 /* ForgotPasswordVC.swift in Sources */,
				86DA0C5D23AD898400755B44 /* HeaderDashboardSubtitleView.swift in Sources */,
				86DA0C4023AD898400755B44 /* StringFormatterService.swift in Sources */,
				86DA0C4323AD898400755B44 /* AvailabilityDatabaseHelper.swift in Sources */,
				86DA0C7623AD898400755B44 /* DoctorProfileVC.swift in Sources */,
				86DA0C5523AD898400755B44 /* BookingTwoLinesElementItemCell.swift in Sources */,
				86DA0C4B23AD898400755B44 /* PaymentOptionDatabaseHelper.swift in Sources */,
				86DA0C3D23AD898400755B44 /* DateTimeService.swift in Sources */,
				86DA0C5923AD898400755B44 /* ReasonItemCell.swift in Sources */,
				86DA0C7E23AD898400755B44 /* SignUpProVC.swift in Sources */,
				86DA0C3B23AD898400755B44 /* Reason.swift in Sources */,
				86DA0C4F23AD898400755B44 /* AvailabilityItemCell.swift in Sources */,
				86DA0C4123AD898400755B44 /* ErrorCode.swift in Sources */,
				86DA0C7F23AD898400755B44 /* SignUpVC.swift in Sources */,
				86DA0C3923AD898400755B44 /* Patient.swift in Sources */,
				86DA0C3623AD898400755B44 /* Education.swift in Sources */,
				86DA0C5123AD898400755B44 /* BookingOneLineElementItemCell.swift in Sources */,
				86DA0C4223AD898400755B44 /* AddressDatabaseHelper.swift in Sources */,
				86DA0C4923AD898400755B44 /* LanguageDatabaseHelper.swift in Sources */,
				86DA0C4A23AD898400755B44 /* PatientDatabaseHelper.swift in Sources */,
				86DA0C7D23AD898400755B44 /* SearchVC.swift in Sources */,
				86DA0C7A23AD898400755B44 /* MyBookingDetailsVC.swift in Sources */,
				86DA0C3723AD898400755B44 /* Experience.swift in Sources */,
				86DA0C4823AD898400755B44 /* ExperienceDatabaseHelper.swift in Sources */,
				86DA0C6023AD898400755B44 /* HeaderView.swift in Sources */,
				86DA0C7223AD898400755B44 /* Strings.swift in Sources */,
				86DA0C7423AD898400755B44 /* ChooseReasonVC.swift in Sources */,
				86DA0C5723AD898400755B44 /* DoctorPreviewItemCell.swift in Sources */,
				86DA0C4E23AD898400755B44 /* AvailabilitiesForDayItemCell.swift in Sources */,
				86DA0C4C23AD898400755B44 /* ReasonDatabaseHelper.swift in Sources */,
				86DA0C7923AD898400755B44 /* LoginVC.swift in Sources */,
				86DA0C4423AD898400755B44 /* BookingDatabaseHelper.swift in Sources */,
				86DA0C5323AD898400755B44 /* BookingPreviewHeaderItemCell.swift in Sources */,
				86DA0C3F23AD898400755B44 /* ImageService.swift in Sources */,
				86DA0C7123AD898400755B44 /* Colors.swift in Sources */,
				86DA0C4D23AD898400755B44 /* BookingDetailsView.swift in Sources */,
				86DA0C3E23AD898400755B44 /* EncryptionService.swift in Sources */,
				86DA0C7323AD898400755B44 /* ChooseAvailabilityVC.swift in Sources */,
				86DA0C3423AD898400755B44 /* Booking.swift in Sources */,
				86DA0C5623AD898400755B44 /* DoctorMainDataItemCell.swift in Sources */,
				86DA0C3823AD898400755B44 /* Language.swift in Sources */,
				86DA0C3223AD898400755B44 /* Address.swift in Sources */,
				86567357238D2E1B00BC38D8 /* AppDelegate.swift in Sources */,
				86DA0C5B23AD898400755B44 /* SignUpProTwoColumnsElementItemCell.swift in Sources */,
				86DA0C3C23AD898400755B44 /* Resident.swift in Sources */,
				86DA0C7C23AD898400755B44 /* PopUpVC.swift in Sources */,
				86DA0C7B23AD898400755B44 /* MyBookingsVC.swift in Sources */,
				86DA0C4623AD898400755B44 /* DoctorDatabaseHelper.swift in Sources */,
			);
			runOnlyForDeploymentPostprocessing = 0;
		};
		86567363238D2E1C00BC38D8 /* Sources */ = {
			isa = PBXSourcesBuildPhase;
			buildActionMask = 2147483647;
			files = (
				8656736C238D2E1C00BC38D8 /* DoctoAppTests.swift in Sources */,
			);
			runOnlyForDeploymentPostprocessing = 0;
		};
		8656736E238D2E1C00BC38D8 /* Sources */ = {
			isa = PBXSourcesBuildPhase;
			buildActionMask = 2147483647;
			files = (
				86567377238D2E1C00BC38D8 /* DoctoAppUITests.swift in Sources */,
			);
			runOnlyForDeploymentPostprocessing = 0;
		};
/* End PBXSourcesBuildPhase section */

/* Begin PBXTargetDependency section */
		86567369238D2E1C00BC38D8 /* PBXTargetDependency */ = {
			isa = PBXTargetDependency;
			target = 86567352238D2E1B00BC38D8 /* DoctoApp */;
			targetProxy = 86567368238D2E1C00BC38D8 /* PBXContainerItemProxy */;
		};
		86567374238D2E1C00BC38D8 /* PBXTargetDependency */ = {
			isa = PBXTargetDependency;
			target = 86567352238D2E1B00BC38D8 /* DoctoApp */;
			targetProxy = 86567373238D2E1C00BC38D8 /* PBXContainerItemProxy */;
		};
		86DC1A9123A3CA3C00E6DFC6 /* PBXTargetDependency */ = {
			isa = PBXTargetDependency;
			name = "SQLite iOS";
			targetProxy = 86DC1A9023A3CA3C00E6DFC6 /* PBXContainerItemProxy */;
		};
/* End PBXTargetDependency section */

/* Begin PBXVariantGroup section */
		8656735A238D2E1B00BC38D8 /* Main.storyboard */ = {
			isa = PBXVariantGroup;
			children = (
				8656735B238D2E1B00BC38D8 /* Base */,
			);
			name = Main.storyboard;
			sourceTree = "<group>";
		};
		8656735F238D2E1B00BC38D8 /* LaunchScreen.storyboard */ = {
			isa = PBXVariantGroup;
			children = (
				86567360238D2E1B00BC38D8 /* Base */,
			);
			name = LaunchScreen.storyboard;
			sourceTree = "<group>";
		};
/* End PBXVariantGroup section */

/* Begin XCBuildConfiguration section */
		86567379238D2E1C00BC38D8 /* Debug */ = {
			isa = XCBuildConfiguration;
			buildSettings = {
				ALWAYS_SEARCH_USER_PATHS = NO;
				CLANG_ANALYZER_NONNULL = YES;
				CLANG_ANALYZER_NUMBER_OBJECT_CONVERSION = YES_AGGRESSIVE;
				CLANG_CXX_LANGUAGE_STANDARD = "gnu++14";
				CLANG_CXX_LIBRARY = "libc++";
				CLANG_ENABLE_MODULES = YES;
				CLANG_ENABLE_OBJC_ARC = YES;
				CLANG_ENABLE_OBJC_WEAK = YES;
				CLANG_WARN_BLOCK_CAPTURE_AUTORELEASING = YES;
				CLANG_WARN_BOOL_CONVERSION = YES;
				CLANG_WARN_COMMA = YES;
				CLANG_WARN_CONSTANT_CONVERSION = YES;
				CLANG_WARN_DEPRECATED_OBJC_IMPLEMENTATIONS = YES;
				CLANG_WARN_DIRECT_OBJC_ISA_USAGE = YES_ERROR;
				CLANG_WARN_DOCUMENTATION_COMMENTS = YES;
				CLANG_WARN_EMPTY_BODY = YES;
				CLANG_WARN_ENUM_CONVERSION = YES;
				CLANG_WARN_INFINITE_RECURSION = YES;
				CLANG_WARN_INT_CONVERSION = YES;
				CLANG_WARN_NON_LITERAL_NULL_CONVERSION = YES;
				CLANG_WARN_OBJC_IMPLICIT_RETAIN_SELF = YES;
				CLANG_WARN_OBJC_LITERAL_CONVERSION = YES;
				CLANG_WARN_OBJC_ROOT_CLASS = YES_ERROR;
				CLANG_WARN_RANGE_LOOP_ANALYSIS = YES;
				CLANG_WARN_STRICT_PROTOTYPES = YES;
				CLANG_WARN_SUSPICIOUS_MOVE = YES;
				CLANG_WARN_UNGUARDED_AVAILABILITY = YES_AGGRESSIVE;
				CLANG_WARN_UNREACHABLE_CODE = YES;
				CLANG_WARN__DUPLICATE_METHOD_MATCH = YES;
				CODE_SIGN_IDENTITY = "iPhone Developer";
				COPY_PHASE_STRIP = NO;
				DEBUG_INFORMATION_FORMAT = dwarf;
				ENABLE_STRICT_OBJC_MSGSEND = YES;
				ENABLE_TESTABILITY = YES;
				GCC_C_LANGUAGE_STANDARD = gnu11;
				GCC_DYNAMIC_NO_PIC = NO;
				GCC_NO_COMMON_BLOCKS = YES;
				GCC_OPTIMIZATION_LEVEL = 0;
				GCC_PREPROCESSOR_DEFINITIONS = (
					"DEBUG=1",
					"$(inherited)",
				);
				GCC_WARN_64_TO_32_BIT_CONVERSION = YES;
				GCC_WARN_ABOUT_RETURN_TYPE = YES_ERROR;
				GCC_WARN_UNDECLARED_SELECTOR = YES;
				GCC_WARN_UNINITIALIZED_AUTOS = YES_AGGRESSIVE;
				GCC_WARN_UNUSED_FUNCTION = YES;
				GCC_WARN_UNUSED_VARIABLE = YES;
				IPHONEOS_DEPLOYMENT_TARGET = 12.1;
				MTL_ENABLE_DEBUG_INFO = INCLUDE_SOURCE;
				MTL_FAST_MATH = YES;
				ONLY_ACTIVE_ARCH = YES;
				SDKROOT = iphoneos;
				SWIFT_ACTIVE_COMPILATION_CONDITIONS = DEBUG;
				SWIFT_OPTIMIZATION_LEVEL = "-Onone";
			};
			name = Debug;
		};
		8656737A238D2E1C00BC38D8 /* Release */ = {
			isa = XCBuildConfiguration;
			buildSettings = {
				ALWAYS_SEARCH_USER_PATHS = NO;
				CLANG_ANALYZER_NONNULL = YES;
				CLANG_ANALYZER_NUMBER_OBJECT_CONVERSION = YES_AGGRESSIVE;
				CLANG_CXX_LANGUAGE_STANDARD = "gnu++14";
				CLANG_CXX_LIBRARY = "libc++";
				CLANG_ENABLE_MODULES = YES;
				CLANG_ENABLE_OBJC_ARC = YES;
				CLANG_ENABLE_OBJC_WEAK = YES;
				CLANG_WARN_BLOCK_CAPTURE_AUTORELEASING = YES;
				CLANG_WARN_BOOL_CONVERSION = YES;
				CLANG_WARN_COMMA = YES;
				CLANG_WARN_CONSTANT_CONVERSION = YES;
				CLANG_WARN_DEPRECATED_OBJC_IMPLEMENTATIONS = YES;
				CLANG_WARN_DIRECT_OBJC_ISA_USAGE = YES_ERROR;
				CLANG_WARN_DOCUMENTATION_COMMENTS = YES;
				CLANG_WARN_EMPTY_BODY = YES;
				CLANG_WARN_ENUM_CONVERSION = YES;
				CLANG_WARN_INFINITE_RECURSION = YES;
				CLANG_WARN_INT_CONVERSION = YES;
				CLANG_WARN_NON_LITERAL_NULL_CONVERSION = YES;
				CLANG_WARN_OBJC_IMPLICIT_RETAIN_SELF = YES;
				CLANG_WARN_OBJC_LITERAL_CONVERSION = YES;
				CLANG_WARN_OBJC_ROOT_CLASS = YES_ERROR;
				CLANG_WARN_RANGE_LOOP_ANALYSIS = YES;
				CLANG_WARN_STRICT_PROTOTYPES = YES;
				CLANG_WARN_SUSPICIOUS_MOVE = YES;
				CLANG_WARN_UNGUARDED_AVAILABILITY = YES_AGGRESSIVE;
				CLANG_WARN_UNREACHABLE_CODE = YES;
				CLANG_WARN__DUPLICATE_METHOD_MATCH = YES;
				CODE_SIGN_IDENTITY = "iPhone Developer";
				COPY_PHASE_STRIP = NO;
				DEBUG_INFORMATION_FORMAT = "dwarf-with-dsym";
				ENABLE_NS_ASSERTIONS = NO;
				ENABLE_STRICT_OBJC_MSGSEND = YES;
				GCC_C_LANGUAGE_STANDARD = gnu11;
				GCC_NO_COMMON_BLOCKS = YES;
				GCC_WARN_64_TO_32_BIT_CONVERSION = YES;
				GCC_WARN_ABOUT_RETURN_TYPE = YES_ERROR;
				GCC_WARN_UNDECLARED_SELECTOR = YES;
				GCC_WARN_UNINITIALIZED_AUTOS = YES_AGGRESSIVE;
				GCC_WARN_UNUSED_FUNCTION = YES;
				GCC_WARN_UNUSED_VARIABLE = YES;
				IPHONEOS_DEPLOYMENT_TARGET = 12.1;
				MTL_ENABLE_DEBUG_INFO = NO;
				MTL_FAST_MATH = YES;
				SDKROOT = iphoneos;
				SWIFT_COMPILATION_MODE = wholemodule;
				SWIFT_OPTIMIZATION_LEVEL = "-O";
				VALIDATE_PRODUCT = YES;
			};
			name = Release;
		};
		8656737C238D2E1C00BC38D8 /* Debug */ = {
			isa = XCBuildConfiguration;
			buildSettings = {
				ALWAYS_EMBED_SWIFT_STANDARD_LIBRARIES = YES;
				ASSETCATALOG_COMPILER_APPICON_NAME = AppIcon;
				CODE_SIGN_STYLE = Automatic;
				INFOPLIST_FILE = DoctoApp/Info.plist;
				LD_RUNPATH_SEARCH_PATHS = (
					"$(inherited)",
					"@executable_path/Frameworks",
				);
				PRODUCT_BUNDLE_IDENTIFIER = if26.ios.DoctoApp;
				PRODUCT_NAME = "$(TARGET_NAME)";
				SWIFT_VERSION = 4.2;
				TARGETED_DEVICE_FAMILY = "1,2";
			};
			name = Debug;
		};
		8656737D238D2E1C00BC38D8 /* Release */ = {
			isa = XCBuildConfiguration;
			buildSettings = {
				ALWAYS_EMBED_SWIFT_STANDARD_LIBRARIES = YES;
				ASSETCATALOG_COMPILER_APPICON_NAME = AppIcon;
				CODE_SIGN_STYLE = Automatic;
				INFOPLIST_FILE = DoctoApp/Info.plist;
				LD_RUNPATH_SEARCH_PATHS = (
					"$(inherited)",
					"@executable_path/Frameworks",
				);
				PRODUCT_BUNDLE_IDENTIFIER = if26.ios.DoctoApp;
				PRODUCT_NAME = "$(TARGET_NAME)";
				SWIFT_VERSION = 4.2;
				TARGETED_DEVICE_FAMILY = "1,2";
			};
			name = Release;
		};
		8656737F238D2E1C00BC38D8 /* Debug */ = {
			isa = XCBuildConfiguration;
			buildSettings = {
				ALWAYS_EMBED_SWIFT_STANDARD_LIBRARIES = YES;
				BUNDLE_LOADER = "$(TEST_HOST)";
				CODE_SIGN_STYLE = Automatic;
				INFOPLIST_FILE = DoctoAppTests/Info.plist;
				LD_RUNPATH_SEARCH_PATHS = (
					"$(inherited)",
					"@executable_path/Frameworks",
					"@loader_path/Frameworks",
				);
				PRODUCT_BUNDLE_IDENTIFIER = if26.ios.DoctoAppTests;
				PRODUCT_NAME = "$(TARGET_NAME)";
				SWIFT_VERSION = 4.2;
				TARGETED_DEVICE_FAMILY = "1,2";
				TEST_HOST = "$(BUILT_PRODUCTS_DIR)/DoctoApp.app/DoctoApp";
			};
			name = Debug;
		};
		86567380238D2E1C00BC38D8 /* Release */ = {
			isa = XCBuildConfiguration;
			buildSettings = {
				ALWAYS_EMBED_SWIFT_STANDARD_LIBRARIES = YES;
				BUNDLE_LOADER = "$(TEST_HOST)";
				CODE_SIGN_STYLE = Automatic;
				INFOPLIST_FILE = DoctoAppTests/Info.plist;
				LD_RUNPATH_SEARCH_PATHS = (
					"$(inherited)",
					"@executable_path/Frameworks",
					"@loader_path/Frameworks",
				);
				PRODUCT_BUNDLE_IDENTIFIER = if26.ios.DoctoAppTests;
				PRODUCT_NAME = "$(TARGET_NAME)";
				SWIFT_VERSION = 4.2;
				TARGETED_DEVICE_FAMILY = "1,2";
				TEST_HOST = "$(BUILT_PRODUCTS_DIR)/DoctoApp.app/DoctoApp";
			};
			name = Release;
		};
		86567382238D2E1C00BC38D8 /* Debug */ = {
			isa = XCBuildConfiguration;
			buildSettings = {
				ALWAYS_EMBED_SWIFT_STANDARD_LIBRARIES = YES;
				CODE_SIGN_STYLE = Automatic;
				INFOPLIST_FILE = DoctoAppUITests/Info.plist;
				LD_RUNPATH_SEARCH_PATHS = (
					"$(inherited)",
					"@executable_path/Frameworks",
					"@loader_path/Frameworks",
				);
				PRODUCT_BUNDLE_IDENTIFIER = if26.ios.DoctoAppUITests;
				PRODUCT_NAME = "$(TARGET_NAME)";
				SWIFT_VERSION = 4.2;
				TARGETED_DEVICE_FAMILY = "1,2";
				TEST_TARGET_NAME = DoctoApp;
			};
			name = Debug;
		};
		86567383238D2E1C00BC38D8 /* Release */ = {
			isa = XCBuildConfiguration;
			buildSettings = {
				ALWAYS_EMBED_SWIFT_STANDARD_LIBRARIES = YES;
				CODE_SIGN_STYLE = Automatic;
				INFOPLIST_FILE = DoctoAppUITests/Info.plist;
				LD_RUNPATH_SEARCH_PATHS = (
					"$(inherited)",
					"@executable_path/Frameworks",
					"@loader_path/Frameworks",
				);
				PRODUCT_BUNDLE_IDENTIFIER = if26.ios.DoctoAppUITests;
				PRODUCT_NAME = "$(TARGET_NAME)";
				SWIFT_VERSION = 4.2;
				TARGETED_DEVICE_FAMILY = "1,2";
				TEST_TARGET_NAME = DoctoApp;
			};
			name = Release;
		};
/* End XCBuildConfiguration section */

/* Begin XCConfigurationList section */
		8656734E238D2E1A00BC38D8 /* Build configuration list for PBXProject "DoctoApp" */ = {
			isa = XCConfigurationList;
			buildConfigurations = (
				86567379238D2E1C00BC38D8 /* Debug */,
				8656737A238D2E1C00BC38D8 /* Release */,
			);
			defaultConfigurationIsVisible = 0;
			defaultConfigurationName = Release;
		};
		8656737B238D2E1C00BC38D8 /* Build configuration list for PBXNativeTarget "DoctoApp" */ = {
			isa = XCConfigurationList;
			buildConfigurations = (
				8656737C238D2E1C00BC38D8 /* Debug */,
				8656737D238D2E1C00BC38D8 /* Release */,
			);
			defaultConfigurationIsVisible = 0;
			defaultConfigurationName = Release;
		};
		8656737E238D2E1C00BC38D8 /* Build configuration list for PBXNativeTarget "DoctoAppTests" */ = {
			isa = XCConfigurationList;
			buildConfigurations = (
				8656737F238D2E1C00BC38D8 /* Debug */,
				86567380238D2E1C00BC38D8 /* Release */,
			);
			defaultConfigurationIsVisible = 0;
			defaultConfigurationName = Release;
		};
		86567381238D2E1C00BC38D8 /* Build configuration list for PBXNativeTarget "DoctoAppUITests" */ = {
			isa = XCConfigurationList;
			buildConfigurations = (
				86567382238D2E1C00BC38D8 /* Debug */,
				86567383238D2E1C00BC38D8 /* Release */,
			);
			defaultConfigurationIsVisible = 0;
			defaultConfigurationName = Release;
		};
/* End XCConfigurationList section */
	};
	rootObject = 8656734B238D2E1A00BC38D8 /* Project object */;
}
